// !$*UTF8*$!
{
	archiveVersion = 1;
	classes = {
	};
	objectVersion = 46;
	objects = {

/* Begin PBXBuildFile section */
		1AAB61D21CB6D9A70042E3B0 /* AppDelegate.m in Sources */ = {isa = PBXBuildFile; fileRef = 1AAB61D11CB6D9A70042E3B0 /* AppDelegate.m */; };
		1AAB61D51CB6D9A70042E3B0 /* main.m in Sources */ = {isa = PBXBuildFile; fileRef = 1AAB61D41CB6D9A70042E3B0 /* main.m */; };
		1AAB61D71CB6D9A70042E3B0 /* Assets.xcassets in Resources */ = {isa = PBXBuildFile; fileRef = 1AAB61D61CB6D9A70042E3B0 /* Assets.xcassets */; };
		1AAB61DA1CB6D9A70042E3B0 /* MainMenu.xib in Resources */ = {isa = PBXBuildFile; fileRef = 1AAB61D81CB6D9A70042E3B0 /* MainMenu.xib */; };
		1AAB61E51CB6D9A70042E3B0 /* PluginControllerTests.m in Sources */ = {isa = PBXBuildFile; fileRef = 1AAB61E41CB6D9A70042E3B0 /* PluginControllerTests.m */; };
		1AAB61F01CB6DA120042E3B0 /* Plugin.sketchplugin in Resources */ = {isa = PBXBuildFile; fileRef = 1AAB61EF1CB6DA120042E3B0 /* Plugin.sketchplugin */; };
		1AAB61F91CB6DAB90042E3B0 /* PluginHelper.h in Headers */ = {isa = PBXBuildFile; fileRef = 1AAB61F81CB6DAB90042E3B0 /* PluginHelper.h */; settings = {ATTRIBUTES = (Public, ); }; };
		1AAB62001CB6DAB90042E3B0 /* PluginHelper.framework in Frameworks */ = {isa = PBXBuildFile; fileRef = 1AAB61F61CB6DAB90042E3B0 /* PluginHelper.framework */; };
		1AAB621A1CB6DAC80042E3B0 /* Command.h in Headers */ = {isa = PBXBuildFile; fileRef = 1AAB62141CB6DAC80042E3B0 /* Command.h */; settings = {ATTRIBUTES = (Public, ); }; };
		1AAB621B1CB6DAC80042E3B0 /* Command.m in Sources */ = {isa = PBXBuildFile; fileRef = 1AAB62151CB6DAC80042E3B0 /* Command.m */; };
		1AAB621C1CB6DAC80042E3B0 /* Manifest.h in Headers */ = {isa = PBXBuildFile; fileRef = 1AAB62161CB6DAC80042E3B0 /* Manifest.h */; settings = {ATTRIBUTES = (Public, ); }; };
		1AAB621D1CB6DAC80042E3B0 /* Manifest.m in Sources */ = {isa = PBXBuildFile; fileRef = 1AAB62171CB6DAC80042E3B0 /* Manifest.m */; };
		1AAB621E1CB6DAC80042E3B0 /* Plugin.h in Headers */ = {isa = PBXBuildFile; fileRef = 1AAB62181CB6DAC80042E3B0 /* Plugin.h */; settings = {ATTRIBUTES = (Public, ); }; };
		1AAB621F1CB6DAC80042E3B0 /* Plugin.m in Sources */ = {isa = PBXBuildFile; fileRef = 1AAB62191CB6DAC80042E3B0 /* Plugin.m */; };
		1AAB62231CB6DAD10042E3B0 /* CommandTests.m in Sources */ = {isa = PBXBuildFile; fileRef = 1AAB62201CB6DAD10042E3B0 /* CommandTests.m */; };
		1AAB62241CB6DAD10042E3B0 /* ManifestTests.m in Sources */ = {isa = PBXBuildFile; fileRef = 1AAB62211CB6DAD10042E3B0 /* ManifestTests.m */; };
		1AAB62251CB6DAD10042E3B0 /* PluginTests.m in Sources */ = {isa = PBXBuildFile; fileRef = 1AAB62221CB6DAD10042E3B0 /* PluginTests.m */; };
		1AAB62281CB6DDAA0042E3B0 /* Plugin.sketchplugin in Resources */ = {isa = PBXBuildFile; fileRef = 1AAB61EF1CB6DA120042E3B0 /* Plugin.sketchplugin */; };
		1AAB62301CB6F3690042E3B0 /* helper.js in Resources */ = {isa = PBXBuildFile; fileRef = 1AAB622E1CB6F3690042E3B0 /* helper.js */; };
		1AAB62351CB705D10042E3B0 /* coscript in Resources */ = {isa = PBXBuildFile; fileRef = 1AAB62341CB705D10042E3B0 /* coscript */; };
		1AAB62471CB7B1910042E3B0 /* COScriptTests.m in Sources */ = {isa = PBXBuildFile; fileRef = 1AAB62461CB7B1910042E3B0 /* COScriptTests.m */; };
		1AAB62491CB7E4390042E3B0 /* codeToRun.js in Resources */ = {isa = PBXBuildFile; fileRef = 1AAB62481CB7E4390042E3B0 /* codeToRun.js */; };
		1AAB62531CB865010042E3B0 /* CMD.h in Headers */ = {isa = PBXBuildFile; fileRef = 1AAB62511CB865010042E3B0 /* CMD.h */; settings = {ATTRIBUTES = (Public, ); }; };
		1AAB62541CB865010042E3B0 /* CMD.m in Sources */ = {isa = PBXBuildFile; fileRef = 1AAB62521CB865010042E3B0 /* CMD.m */; };
		1ACF94E81CB8EA4700CBADCD /* COScript.h in Headers */ = {isa = PBXBuildFile; fileRef = 1ACF94E61CB8EA4700CBADCD /* COScript.h */; settings = {ATTRIBUTES = (Public, ); }; };
		1ACF94E91CB8EA4700CBADCD /* COScript.m in Sources */ = {isa = PBXBuildFile; fileRef = 1ACF94E71CB8EA4700CBADCD /* COScript.m */; };
		1ACF955F1CB8F79F00CBADCD /* SketchSnippets.framework in Frameworks */ = {isa = PBXBuildFile; fileRef = 1ACF95551CB8F79E00CBADCD /* SketchSnippets.framework */; };
		1ACF95661CB8F79F00CBADCD /* SketchSnippetsTests.m in Sources */ = {isa = PBXBuildFile; fileRef = 1ACF95651CB8F79F00CBADCD /* SketchSnippetsTests.m */; };
		1ACF956A1CB8F79F00CBADCD /* SketchSnippets.framework in Frameworks */ = {isa = PBXBuildFile; fileRef = 1ACF95551CB8F79E00CBADCD /* SketchSnippets.framework */; };
		1ACF956B1CB8F79F00CBADCD /* SketchSnippets.framework in Embed Frameworks */ = {isa = PBXBuildFile; fileRef = 1ACF95551CB8F79E00CBADCD /* SketchSnippets.framework */; settings = {ATTRIBUTES = (CodeSignOnCopy, RemoveHeadersOnCopy, ); }; };
		1ACF95761CB902A700CBADCD /* SketchSnippetsApp.h in Headers */ = {isa = PBXBuildFile; fileRef = 1ACF95741CB902A700CBADCD /* SketchSnippetsApp.h */; settings = {ATTRIBUTES = (Public, ); }; };
		1ACF95771CB902A700CBADCD /* SketchSnippetsApp.m in Sources */ = {isa = PBXBuildFile; fileRef = 1ACF95751CB902A700CBADCD /* SketchSnippetsApp.m */; };
		1ACF957D1CB9084900CBADCD /* PluginHelper.framework in Frameworks */ = {isa = PBXBuildFile; fileRef = 1AAB61F61CB6DAB90042E3B0 /* PluginHelper.framework */; settings = {ATTRIBUTES = (Weak, ); }; };
		1ACF957E1CB909A400CBADCD /* SketchSnippets.h in Headers */ = {isa = PBXBuildFile; fileRef = 1ACF95571CB8F79F00CBADCD /* SketchSnippets.h */; settings = {ATTRIBUTES = (Public, ); }; };
		1ACF95841CB90D9E00CBADCD /* SketchSnippets.storyboard in Resources */ = {isa = PBXBuildFile; fileRef = 1ACF95831CB90D9E00CBADCD /* SketchSnippets.storyboard */; };
		1ACF95871CB910C900CBADCD /* SketchSnippetsViewController.h in Headers */ = {isa = PBXBuildFile; fileRef = 1ACF95851CB910C900CBADCD /* SketchSnippetsViewController.h */; };
		1ACF95881CB910C900CBADCD /* SketchSnippetsViewController.m in Sources */ = {isa = PBXBuildFile; fileRef = 1ACF95861CB910C900CBADCD /* SketchSnippetsViewController.m */; };
		1ACF958A1CB91AF000CBADCD /* Untitled.js in Resources */ = {isa = PBXBuildFile; fileRef = 1ACF95891CB91AF000CBADCD /* Untitled.js */; };
		1ACF958C1CB9202D00CBADCD /* snippets_default.plist in Resources */ = {isa = PBXBuildFile; fileRef = 1ACF958B1CB9202D00CBADCD /* snippets_default.plist */; };
		1ACF95951CB920A900CBADCD /* ArtboardPreview.h in Headers */ = {isa = PBXBuildFile; fileRef = 1ACF95941CB920A900CBADCD /* ArtboardPreview.h */; settings = {ATTRIBUTES = (Public, ); }; };
		1ACF959C1CB920AA00CBADCD /* ArtboardPreview.framework in Frameworks */ = {isa = PBXBuildFile; fileRef = 1ACF95921CB920A900CBADCD /* ArtboardPreview.framework */; };
		1ACF95A31CB920AA00CBADCD /* ArtboardPreviewTests.m in Sources */ = {isa = PBXBuildFile; fileRef = 1ACF95A21CB920AA00CBADCD /* ArtboardPreviewTests.m */; };
		1ACF95A71CB920AA00CBADCD /* ArtboardPreview.framework in Frameworks */ = {isa = PBXBuildFile; fileRef = 1ACF95921CB920A900CBADCD /* ArtboardPreview.framework */; };
		1ACF95A81CB920AA00CBADCD /* ArtboardPreview.framework in Embed Frameworks */ = {isa = PBXBuildFile; fileRef = 1ACF95921CB920A900CBADCD /* ArtboardPreview.framework */; settings = {ATTRIBUTES = (CodeSignOnCopy, RemoveHeadersOnCopy, ); }; };
		1ACF95B01CB920CE00CBADCD /* ArtboardPreview.sketchplugin in Resources */ = {isa = PBXBuildFile; fileRef = 1ACF95AF1CB920CE00CBADCD /* ArtboardPreview.sketchplugin */; };
		1ACF95B31CB9326200CBADCD /* ArtboardPreviewController.h in Headers */ = {isa = PBXBuildFile; fileRef = 1ACF95B11CB9326200CBADCD /* ArtboardPreviewController.h */; settings = {ATTRIBUTES = (Public, ); }; };
		1ACF95B41CB9326200CBADCD /* ArtboardPreviewController.m in Sources */ = {isa = PBXBuildFile; fileRef = 1ACF95B21CB9326200CBADCD /* ArtboardPreviewController.m */; };
		1ACF95B61CB938E800CBADCD /* ArtboardPreview.storyboard in Resources */ = {isa = PBXBuildFile; fileRef = 1ACF95B51CB938E800CBADCD /* ArtboardPreview.storyboard */; };
/* End PBXBuildFile section */

/* Begin PBXContainerItemProxy section */
		1AAB61E11CB6D9A70042E3B0 /* PBXContainerItemProxy */ = {
			isa = PBXContainerItemProxy;
			containerPortal = 1AAB61C51CB6D9A70042E3B0 /* Project object */;
			proxyType = 1;
			remoteGlobalIDString = 1AAB61CC1CB6D9A70042E3B0;
			remoteInfo = PluginController;
		};
		1AAB62011CB6DAB90042E3B0 /* PBXContainerItemProxy */ = {
			isa = PBXContainerItemProxy;
			containerPortal = 1AAB61C51CB6D9A70042E3B0 /* Project object */;
			proxyType = 1;
			remoteGlobalIDString = 1AAB61F51CB6DAB90042E3B0;
			remoteInfo = PluginHelper;
		};
		1AAB62031CB6DAB90042E3B0 /* PBXContainerItemProxy */ = {
			isa = PBXContainerItemProxy;
			containerPortal = 1AAB61C51CB6D9A70042E3B0 /* Project object */;
			proxyType = 1;
			remoteGlobalIDString = 1AAB61CC1CB6D9A70042E3B0;
			remoteInfo = PluginController;
		};
		1ACF95601CB8F79F00CBADCD /* PBXContainerItemProxy */ = {
			isa = PBXContainerItemProxy;
			containerPortal = 1AAB61C51CB6D9A70042E3B0 /* Project object */;
			proxyType = 1;
			remoteGlobalIDString = 1ACF95541CB8F79E00CBADCD;
			remoteInfo = SketchSnippets;
		};
		1ACF95621CB8F79F00CBADCD /* PBXContainerItemProxy */ = {
			isa = PBXContainerItemProxy;
			containerPortal = 1AAB61C51CB6D9A70042E3B0 /* Project object */;
			proxyType = 1;
			remoteGlobalIDString = 1AAB61CC1CB6D9A70042E3B0;
			remoteInfo = PluginController;
		};
		1ACF95681CB8F79F00CBADCD /* PBXContainerItemProxy */ = {
			isa = PBXContainerItemProxy;
			containerPortal = 1AAB61C51CB6D9A70042E3B0 /* Project object */;
			proxyType = 1;
			remoteGlobalIDString = 1ACF95541CB8F79E00CBADCD;
			remoteInfo = SketchSnippets;
		};
		1ACF957B1CB9084100CBADCD /* PBXContainerItemProxy */ = {
			isa = PBXContainerItemProxy;
			containerPortal = 1AAB61C51CB6D9A70042E3B0 /* Project object */;
			proxyType = 1;
			remoteGlobalIDString = 1AAB61F51CB6DAB90042E3B0;
			remoteInfo = PluginHelper;
		};
		1ACF959D1CB920AA00CBADCD /* PBXContainerItemProxy */ = {
			isa = PBXContainerItemProxy;
			containerPortal = 1AAB61C51CB6D9A70042E3B0 /* Project object */;
			proxyType = 1;
			remoteGlobalIDString = 1ACF95911CB920A900CBADCD;
			remoteInfo = ArtboardPreview;
		};
		1ACF959F1CB920AA00CBADCD /* PBXContainerItemProxy */ = {
			isa = PBXContainerItemProxy;
			containerPortal = 1AAB61C51CB6D9A70042E3B0 /* Project object */;
			proxyType = 1;
			remoteGlobalIDString = 1AAB61CC1CB6D9A70042E3B0;
			remoteInfo = PluginController;
		};
		1ACF95A51CB920AA00CBADCD /* PBXContainerItemProxy */ = {
			isa = PBXContainerItemProxy;
			containerPortal = 1AAB61C51CB6D9A70042E3B0 /* Project object */;
			proxyType = 1;
			remoteGlobalIDString = 1ACF95911CB920A900CBADCD;
			remoteInfo = ArtboardPreview;
		};
/* End PBXContainerItemProxy section */

/* Begin PBXCopyFilesBuildPhase section */
		1AAB62101CB6DAB90042E3B0 /* Embed Frameworks */ = {
			isa = PBXCopyFilesBuildPhase;
			buildActionMask = 2147483647;
			dstPath = "";
			dstSubfolderSpec = 10;
			files = (
				1ACF95A81CB920AA00CBADCD /* ArtboardPreview.framework in Embed Frameworks */,
				1ACF956B1CB8F79F00CBADCD /* SketchSnippets.framework in Embed Frameworks */,
			);
			name = "Embed Frameworks";
			runOnlyForDeploymentPostprocessing = 0;
		};
		1AAB62271CB6DC100042E3B0 /* CopyFiles */ = {
			isa = PBXCopyFilesBuildPhase;
			buildActionMask = 2147483647;
			dstPath = "";
			dstSubfolderSpec = 7;
			files = (
			);
			runOnlyForDeploymentPostprocessing = 0;
		};
/* End PBXCopyFilesBuildPhase section */

/* Begin PBXFileReference section */
		1AAB61CD1CB6D9A70042E3B0 /* PluginController.app */ = {isa = PBXFileReference; explicitFileType = wrapper.application; includeInIndex = 0; path = PluginController.app; sourceTree = BUILT_PRODUCTS_DIR; };
		1AAB61D01CB6D9A70042E3B0 /* AppDelegate.h */ = {isa = PBXFileReference; lastKnownFileType = sourcecode.c.h; path = AppDelegate.h; sourceTree = "<group>"; };
		1AAB61D11CB6D9A70042E3B0 /* AppDelegate.m */ = {isa = PBXFileReference; lastKnownFileType = sourcecode.c.objc; path = AppDelegate.m; sourceTree = "<group>"; };
		1AAB61D41CB6D9A70042E3B0 /* main.m */ = {isa = PBXFileReference; lastKnownFileType = sourcecode.c.objc; path = main.m; sourceTree = "<group>"; };
		1AAB61D61CB6D9A70042E3B0 /* Assets.xcassets */ = {isa = PBXFileReference; lastKnownFileType = folder.assetcatalog; path = Assets.xcassets; sourceTree = "<group>"; };
		1AAB61D91CB6D9A70042E3B0 /* Base */ = {isa = PBXFileReference; lastKnownFileType = file.xib; name = Base; path = Base.lproj/MainMenu.xib; sourceTree = "<group>"; };
		1AAB61DB1CB6D9A70042E3B0 /* Info.plist */ = {isa = PBXFileReference; lastKnownFileType = text.plist.xml; path = Info.plist; sourceTree = "<group>"; };
		1AAB61E01CB6D9A70042E3B0 /* PluginControllerTests.xctest */ = {isa = PBXFileReference; explicitFileType = wrapper.cfbundle; includeInIndex = 0; path = PluginControllerTests.xctest; sourceTree = BUILT_PRODUCTS_DIR; };
		1AAB61E41CB6D9A70042E3B0 /* PluginControllerTests.m */ = {isa = PBXFileReference; lastKnownFileType = sourcecode.c.objc; path = PluginControllerTests.m; sourceTree = "<group>"; };
		1AAB61E61CB6D9A70042E3B0 /* Info.plist */ = {isa = PBXFileReference; lastKnownFileType = text.plist.xml; path = Info.plist; sourceTree = "<group>"; };
		1AAB61EF1CB6DA120042E3B0 /* Plugin.sketchplugin */ = {isa = PBXFileReference; lastKnownFileType = wrapper; path = Plugin.sketchplugin; sourceTree = "<group>"; };
		1AAB61F61CB6DAB90042E3B0 /* PluginHelper.framework */ = {isa = PBXFileReference; explicitFileType = wrapper.framework; includeInIndex = 0; path = PluginHelper.framework; sourceTree = BUILT_PRODUCTS_DIR; };
		1AAB61F81CB6DAB90042E3B0 /* PluginHelper.h */ = {isa = PBXFileReference; lastKnownFileType = sourcecode.c.h; path = PluginHelper.h; sourceTree = "<group>"; };
		1AAB61FA1CB6DAB90042E3B0 /* Info.plist */ = {isa = PBXFileReference; lastKnownFileType = text.plist.xml; path = Info.plist; sourceTree = "<group>"; };
		1AAB61FF1CB6DAB90042E3B0 /* PluginHelperTests.xctest */ = {isa = PBXFileReference; explicitFileType = wrapper.cfbundle; includeInIndex = 0; path = PluginHelperTests.xctest; sourceTree = BUILT_PRODUCTS_DIR; };
		1AAB62081CB6DAB90042E3B0 /* Info.plist */ = {isa = PBXFileReference; lastKnownFileType = text.plist.xml; path = Info.plist; sourceTree = "<group>"; };
		1AAB62141CB6DAC80042E3B0 /* Command.h */ = {isa = PBXFileReference; fileEncoding = 4; lastKnownFileType = sourcecode.c.h; path = Command.h; sourceTree = "<group>"; };
		1AAB62151CB6DAC80042E3B0 /* Command.m */ = {isa = PBXFileReference; fileEncoding = 4; lastKnownFileType = sourcecode.c.objc; path = Command.m; sourceTree = "<group>"; };
		1AAB62161CB6DAC80042E3B0 /* Manifest.h */ = {isa = PBXFileReference; fileEncoding = 4; lastKnownFileType = sourcecode.c.h; path = Manifest.h; sourceTree = "<group>"; };
		1AAB62171CB6DAC80042E3B0 /* Manifest.m */ = {isa = PBXFileReference; fileEncoding = 4; lastKnownFileType = sourcecode.c.objc; path = Manifest.m; sourceTree = "<group>"; };
		1AAB62181CB6DAC80042E3B0 /* Plugin.h */ = {isa = PBXFileReference; fileEncoding = 4; lastKnownFileType = sourcecode.c.h; path = Plugin.h; sourceTree = "<group>"; };
		1AAB62191CB6DAC80042E3B0 /* Plugin.m */ = {isa = PBXFileReference; fileEncoding = 4; lastKnownFileType = sourcecode.c.objc; path = Plugin.m; sourceTree = "<group>"; };
		1AAB62201CB6DAD10042E3B0 /* CommandTests.m */ = {isa = PBXFileReference; fileEncoding = 4; lastKnownFileType = sourcecode.c.objc; path = CommandTests.m; sourceTree = "<group>"; };
		1AAB62211CB6DAD10042E3B0 /* ManifestTests.m */ = {isa = PBXFileReference; fileEncoding = 4; lastKnownFileType = sourcecode.c.objc; path = ManifestTests.m; sourceTree = "<group>"; };
		1AAB62221CB6DAD10042E3B0 /* PluginTests.m */ = {isa = PBXFileReference; fileEncoding = 4; lastKnownFileType = sourcecode.c.objc; path = PluginTests.m; sourceTree = "<group>"; };
		1AAB622E1CB6F3690042E3B0 /* helper.js */ = {isa = PBXFileReference; fileEncoding = 4; lastKnownFileType = sourcecode.javascript; path = helper.js; sourceTree = "<group>"; };
		1AAB622F1CB6F3690042E3B0 /* SketchLibrary.js */ = {isa = PBXFileReference; fileEncoding = 4; lastKnownFileType = sourcecode.javascript; path = SketchLibrary.js; sourceTree = "<group>"; };
		1AAB62341CB705D10042E3B0 /* coscript */ = {isa = PBXFileReference; lastKnownFileType = "compiled.mach-o.executable"; path = coscript; sourceTree = "<group>"; };
		1AAB62461CB7B1910042E3B0 /* COScriptTests.m */ = {isa = PBXFileReference; fileEncoding = 4; lastKnownFileType = sourcecode.c.objc; path = COScriptTests.m; sourceTree = "<group>"; };
		1AAB62481CB7E4390042E3B0 /* codeToRun.js */ = {isa = PBXFileReference; fileEncoding = 4; lastKnownFileType = sourcecode.javascript; path = codeToRun.js; sourceTree = "<group>"; };
		1AAB62511CB865010042E3B0 /* CMD.h */ = {isa = PBXFileReference; fileEncoding = 4; lastKnownFileType = sourcecode.c.h; path = CMD.h; sourceTree = "<group>"; };
		1AAB62521CB865010042E3B0 /* CMD.m */ = {isa = PBXFileReference; fileEncoding = 4; lastKnownFileType = sourcecode.c.objc; path = CMD.m; sourceTree = "<group>"; };
		1ACF94E61CB8EA4700CBADCD /* COScript.h */ = {isa = PBXFileReference; fileEncoding = 4; lastKnownFileType = sourcecode.c.h; path = COScript.h; sourceTree = "<group>"; };
		1ACF94E71CB8EA4700CBADCD /* COScript.m */ = {isa = PBXFileReference; fileEncoding = 4; lastKnownFileType = sourcecode.c.objc; path = COScript.m; sourceTree = "<group>"; };
		1ACF95551CB8F79E00CBADCD /* SketchSnippets.framework */ = {isa = PBXFileReference; explicitFileType = wrapper.framework; includeInIndex = 0; path = SketchSnippets.framework; sourceTree = BUILT_PRODUCTS_DIR; };
		1ACF95571CB8F79F00CBADCD /* SketchSnippets.h */ = {isa = PBXFileReference; lastKnownFileType = sourcecode.c.h; path = SketchSnippets.h; sourceTree = "<group>"; };
		1ACF95591CB8F79F00CBADCD /* Info.plist */ = {isa = PBXFileReference; lastKnownFileType = text.plist.xml; path = Info.plist; sourceTree = "<group>"; };
		1ACF955E1CB8F79F00CBADCD /* SketchSnippetsTests.xctest */ = {isa = PBXFileReference; explicitFileType = wrapper.cfbundle; includeInIndex = 0; path = SketchSnippetsTests.xctest; sourceTree = BUILT_PRODUCTS_DIR; };
		1ACF95651CB8F79F00CBADCD /* SketchSnippetsTests.m */ = {isa = PBXFileReference; lastKnownFileType = sourcecode.c.objc; path = SketchSnippetsTests.m; sourceTree = "<group>"; };
		1ACF95671CB8F79F00CBADCD /* Info.plist */ = {isa = PBXFileReference; lastKnownFileType = text.plist.xml; path = Info.plist; sourceTree = "<group>"; };
		1ACF95741CB902A700CBADCD /* SketchSnippetsApp.h */ = {isa = PBXFileReference; fileEncoding = 4; lastKnownFileType = sourcecode.c.h; path = SketchSnippetsApp.h; sourceTree = "<group>"; };
		1ACF95751CB902A700CBADCD /* SketchSnippetsApp.m */ = {isa = PBXFileReference; fileEncoding = 4; lastKnownFileType = sourcecode.c.objc; path = SketchSnippetsApp.m; sourceTree = "<group>"; };
		1ACF95831CB90D9E00CBADCD /* SketchSnippets.storyboard */ = {isa = PBXFileReference; fileEncoding = 4; lastKnownFileType = file.storyboard; path = SketchSnippets.storyboard; sourceTree = "<group>"; };
		1ACF95851CB910C900CBADCD /* SketchSnippetsViewController.h */ = {isa = PBXFileReference; fileEncoding = 4; lastKnownFileType = sourcecode.c.h; path = SketchSnippetsViewController.h; sourceTree = "<group>"; };
		1ACF95861CB910C900CBADCD /* SketchSnippetsViewController.m */ = {isa = PBXFileReference; fileEncoding = 4; lastKnownFileType = sourcecode.c.objc; path = SketchSnippetsViewController.m; sourceTree = "<group>"; };
		1ACF95891CB91AF000CBADCD /* Untitled.js */ = {isa = PBXFileReference; fileEncoding = 4; lastKnownFileType = sourcecode.javascript; path = Untitled.js; sourceTree = "<group>"; };
		1ACF958B1CB9202D00CBADCD /* snippets_default.plist */ = {isa = PBXFileReference; fileEncoding = 4; lastKnownFileType = text.plist.xml; path = snippets_default.plist; sourceTree = "<group>"; };
		1ACF95921CB920A900CBADCD /* ArtboardPreview.framework */ = {isa = PBXFileReference; explicitFileType = wrapper.framework; includeInIndex = 0; path = ArtboardPreview.framework; sourceTree = BUILT_PRODUCTS_DIR; };
		1ACF95941CB920A900CBADCD /* ArtboardPreview.h */ = {isa = PBXFileReference; lastKnownFileType = sourcecode.c.h; path = ArtboardPreview.h; sourceTree = "<group>"; };
		1ACF95961CB920A900CBADCD /* Info.plist */ = {isa = PBXFileReference; lastKnownFileType = text.plist.xml; path = Info.plist; sourceTree = "<group>"; };
		1ACF959B1CB920AA00CBADCD /* ArtboardPreviewTests.xctest */ = {isa = PBXFileReference; explicitFileType = wrapper.cfbundle; includeInIndex = 0; path = ArtboardPreviewTests.xctest; sourceTree = BUILT_PRODUCTS_DIR; };
		1ACF95A21CB920AA00CBADCD /* ArtboardPreviewTests.m */ = {isa = PBXFileReference; lastKnownFileType = sourcecode.c.objc; path = ArtboardPreviewTests.m; sourceTree = "<group>"; };
		1ACF95A41CB920AA00CBADCD /* Info.plist */ = {isa = PBXFileReference; lastKnownFileType = text.plist.xml; path = Info.plist; sourceTree = "<group>"; };
		1ACF95AF1CB920CE00CBADCD /* ArtboardPreview.sketchplugin */ = {isa = PBXFileReference; lastKnownFileType = wrapper; path = ArtboardPreview.sketchplugin; sourceTree = "<group>"; };
		1ACF95B11CB9326200CBADCD /* ArtboardPreviewController.h */ = {isa = PBXFileReference; fileEncoding = 4; lastKnownFileType = sourcecode.c.h; path = ArtboardPreviewController.h; sourceTree = "<group>"; };
		1ACF95B21CB9326200CBADCD /* ArtboardPreviewController.m */ = {isa = PBXFileReference; fileEncoding = 4; lastKnownFileType = sourcecode.c.objc; path = ArtboardPreviewController.m; sourceTree = "<group>"; };
		1ACF95B51CB938E800CBADCD /* ArtboardPreview.storyboard */ = {isa = PBXFileReference; fileEncoding = 4; lastKnownFileType = file.storyboard; path = ArtboardPreview.storyboard; sourceTree = "<group>"; };
/* End PBXFileReference section */

/* Begin PBXFrameworksBuildPhase section */
		1AAB61CA1CB6D9A70042E3B0 /* Frameworks */ = {
			isa = PBXFrameworksBuildPhase;
			buildActionMask = 2147483647;
			files = (
				1ACF95A71CB920AA00CBADCD /* ArtboardPreview.framework in Frameworks */,
				1ACF956A1CB8F79F00CBADCD /* SketchSnippets.framework in Frameworks */,
			);
			runOnlyForDeploymentPostprocessing = 0;
		};
		1AAB61DD1CB6D9A70042E3B0 /* Frameworks */ = {
			isa = PBXFrameworksBuildPhase;
			buildActionMask = 2147483647;
			files = (
			);
			runOnlyForDeploymentPostprocessing = 0;
		};
		1AAB61F21CB6DAB90042E3B0 /* Frameworks */ = {
			isa = PBXFrameworksBuildPhase;
			buildActionMask = 2147483647;
			files = (
			);
			runOnlyForDeploymentPostprocessing = 0;
		};
		1AAB61FC1CB6DAB90042E3B0 /* Frameworks */ = {
			isa = PBXFrameworksBuildPhase;
			buildActionMask = 2147483647;
			files = (
				1AAB62001CB6DAB90042E3B0 /* PluginHelper.framework in Frameworks */,
			);
			runOnlyForDeploymentPostprocessing = 0;
		};
		1ACF95511CB8F79E00CBADCD /* Frameworks */ = {
			isa = PBXFrameworksBuildPhase;
			buildActionMask = 2147483647;
			files = (
				1ACF957D1CB9084900CBADCD /* PluginHelper.framework in Frameworks */,
			);
			runOnlyForDeploymentPostprocessing = 0;
		};
		1ACF955B1CB8F79F00CBADCD /* Frameworks */ = {
			isa = PBXFrameworksBuildPhase;
			buildActionMask = 2147483647;
			files = (
				1ACF955F1CB8F79F00CBADCD /* SketchSnippets.framework in Frameworks */,
			);
			runOnlyForDeploymentPostprocessing = 0;
		};
		1ACF958E1CB920A900CBADCD /* Frameworks */ = {
			isa = PBXFrameworksBuildPhase;
			buildActionMask = 2147483647;
			files = (
			);
			runOnlyForDeploymentPostprocessing = 0;
		};
		1ACF95981CB920AA00CBADCD /* Frameworks */ = {
			isa = PBXFrameworksBuildPhase;
			buildActionMask = 2147483647;
			files = (
				1ACF959C1CB920AA00CBADCD /* ArtboardPreview.framework in Frameworks */,
			);
			runOnlyForDeploymentPostprocessing = 0;
		};
/* End PBXFrameworksBuildPhase section */

/* Begin PBXGroup section */
		1AAB61C41CB6D9A70042E3B0 = {
			isa = PBXGroup;
			children = (
				1AAB61CF1CB6D9A70042E3B0 /* PluginController */,
				1AAB61E31CB6D9A70042E3B0 /* PluginControllerTests */,
				1AAB61F71CB6DAB90042E3B0 /* PluginHelper */,
				1AAB62051CB6DAB90042E3B0 /* PluginHelperTests */,
				1ACF95561CB8F79F00CBADCD /* SketchSnippets */,
				1ACF95641CB8F79F00CBADCD /* SketchSnippetsTests */,
				1ACF95931CB920A900CBADCD /* ArtboardPreview */,
				1ACF95A11CB920AA00CBADCD /* ArtboardPreviewTests */,
				1AAB61CE1CB6D9A70042E3B0 /* Products */,
			);
			sourceTree = "<group>";
		};
		1AAB61CE1CB6D9A70042E3B0 /* Products */ = {
			isa = PBXGroup;
			children = (
				1AAB61CD1CB6D9A70042E3B0 /* PluginController.app */,
				1AAB61E01CB6D9A70042E3B0 /* PluginControllerTests.xctest */,
				1AAB61F61CB6DAB90042E3B0 /* PluginHelper.framework */,
				1AAB61FF1CB6DAB90042E3B0 /* PluginHelperTests.xctest */,
				1ACF95551CB8F79E00CBADCD /* SketchSnippets.framework */,
				1ACF955E1CB8F79F00CBADCD /* SketchSnippetsTests.xctest */,
				1ACF95921CB920A900CBADCD /* ArtboardPreview.framework */,
				1ACF959B1CB920AA00CBADCD /* ArtboardPreviewTests.xctest */,
			);
			name = Products;
			sourceTree = "<group>";
		};
		1AAB61CF1CB6D9A70042E3B0 /* PluginController */ = {
			isa = PBXGroup;
			children = (
				1AAB61D01CB6D9A70042E3B0 /* AppDelegate.h */,
				1AAB61D11CB6D9A70042E3B0 /* AppDelegate.m */,
				1AAB61D61CB6D9A70042E3B0 /* Assets.xcassets */,
				1AAB61DB1CB6D9A70042E3B0 /* Info.plist */,
				1AAB61D81CB6D9A70042E3B0 /* MainMenu.xib */,
				1AAB61D31CB6D9A70042E3B0 /* Supporting Files */,
			);
			path = PluginController;
			sourceTree = "<group>";
		};
		1AAB61D31CB6D9A70042E3B0 /* Supporting Files */ = {
			isa = PBXGroup;
			children = (
				1AAB62341CB705D10042E3B0 /* coscript */,
				1AAB622E1CB6F3690042E3B0 /* helper.js */,
				1AAB622F1CB6F3690042E3B0 /* SketchLibrary.js */,
				1ACF95AF1CB920CE00CBADCD /* ArtboardPreview.sketchplugin */,
				1AAB61EF1CB6DA120042E3B0 /* Plugin.sketchplugin */,
				1AAB61D41CB6D9A70042E3B0 /* main.m */,
				1AAB62481CB7E4390042E3B0 /* codeToRun.js */,
				1ACF95891CB91AF000CBADCD /* Untitled.js */,
			);
			name = "Supporting Files";
			sourceTree = "<group>";
		};
		1AAB61E31CB6D9A70042E3B0 /* PluginControllerTests */ = {
			isa = PBXGroup;
			children = (
				1AAB61E41CB6D9A70042E3B0 /* PluginControllerTests.m */,
				1AAB61E61CB6D9A70042E3B0 /* Info.plist */,
			);
			path = PluginControllerTests;
			sourceTree = "<group>";
		};
		1AAB61F71CB6DAB90042E3B0 /* PluginHelper */ = {
			isa = PBXGroup;
			children = (
				1AAB61F81CB6DAB90042E3B0 /* PluginHelper.h */,
				1AAB62511CB865010042E3B0 /* CMD.h */,
				1AAB62521CB865010042E3B0 /* CMD.m */,
				1ACF94E61CB8EA4700CBADCD /* COScript.h */,
				1ACF94E71CB8EA4700CBADCD /* COScript.m */,
				1AAB62141CB6DAC80042E3B0 /* Command.h */,
				1AAB62151CB6DAC80042E3B0 /* Command.m */,
				1AAB62161CB6DAC80042E3B0 /* Manifest.h */,
				1AAB62171CB6DAC80042E3B0 /* Manifest.m */,
				1AAB62181CB6DAC80042E3B0 /* Plugin.h */,
				1AAB62191CB6DAC80042E3B0 /* Plugin.m */,
				1AAB61FA1CB6DAB90042E3B0 /* Info.plist */,
			);
			path = PluginHelper;
			sourceTree = "<group>";
		};
		1AAB62051CB6DAB90042E3B0 /* PluginHelperTests */ = {
			isa = PBXGroup;
			children = (
				1AAB62201CB6DAD10042E3B0 /* CommandTests.m */,
				1AAB62461CB7B1910042E3B0 /* COScriptTests.m */,
				1AAB62211CB6DAD10042E3B0 /* ManifestTests.m */,
				1AAB62221CB6DAD10042E3B0 /* PluginTests.m */,
				1AAB62081CB6DAB90042E3B0 /* Info.plist */,
			);
			path = PluginHelperTests;
			sourceTree = "<group>";
		};
		1ACF95561CB8F79F00CBADCD /* SketchSnippets */ = {
			isa = PBXGroup;
			children = (
				1ACF958B1CB9202D00CBADCD /* snippets_default.plist */,
				1ACF95851CB910C900CBADCD /* SketchSnippetsViewController.h */,
				1ACF95861CB910C900CBADCD /* SketchSnippetsViewController.m */,
				1ACF95571CB8F79F00CBADCD /* SketchSnippets.h */,
				1ACF95831CB90D9E00CBADCD /* SketchSnippets.storyboard */,
				1ACF95741CB902A700CBADCD /* SketchSnippetsApp.h */,
				1ACF95751CB902A700CBADCD /* SketchSnippetsApp.m */,
				1ACF95591CB8F79F00CBADCD /* Info.plist */,
			);
			path = SketchSnippets;
			sourceTree = "<group>";
		};
		1ACF95641CB8F79F00CBADCD /* SketchSnippetsTests */ = {
			isa = PBXGroup;
			children = (
				1ACF95651CB8F79F00CBADCD /* SketchSnippetsTests.m */,
				1ACF95671CB8F79F00CBADCD /* Info.plist */,
			);
			path = SketchSnippetsTests;
			sourceTree = "<group>";
		};
		1ACF95931CB920A900CBADCD /* ArtboardPreview */ = {
			isa = PBXGroup;
			children = (
				1ACF95941CB920A900CBADCD /* ArtboardPreview.h */,
				1ACF95B11CB9326200CBADCD /* ArtboardPreviewController.h */,
				1ACF95B21CB9326200CBADCD /* ArtboardPreviewController.m */,
				1ACF95B51CB938E800CBADCD /* ArtboardPreview.storyboard */,
				1ACF95961CB920A900CBADCD /* Info.plist */,
			);
			path = ArtboardPreview;
			sourceTree = "<group>";
		};
		1ACF95A11CB920AA00CBADCD /* ArtboardPreviewTests */ = {
			isa = PBXGroup;
			children = (
				1ACF95A21CB920AA00CBADCD /* ArtboardPreviewTests.m */,
				1ACF95A41CB920AA00CBADCD /* Info.plist */,
			);
			path = ArtboardPreviewTests;
			sourceTree = "<group>";
		};
/* End PBXGroup section */

/* Begin PBXHeadersBuildPhase section */
		1AAB61F31CB6DAB90042E3B0 /* Headers */ = {
			isa = PBXHeadersBuildPhase;
			buildActionMask = 2147483647;
			files = (
				1AAB621A1CB6DAC80042E3B0 /* Command.h in Headers */,
				1ACF94E81CB8EA4700CBADCD /* COScript.h in Headers */,
				1AAB621E1CB6DAC80042E3B0 /* Plugin.h in Headers */,
				1AAB621C1CB6DAC80042E3B0 /* Manifest.h in Headers */,
				1AAB61F91CB6DAB90042E3B0 /* PluginHelper.h in Headers */,
				1AAB62531CB865010042E3B0 /* CMD.h in Headers */,
			);
			runOnlyForDeploymentPostprocessing = 0;
		};
		1ACF95521CB8F79E00CBADCD /* Headers */ = {
			isa = PBXHeadersBuildPhase;
			buildActionMask = 2147483647;
			files = (
				1ACF95951CB920A900CBADCD /* ArtboardPreview.h in Headers */,
				1ACF957E1CB909A400CBADCD /* SketchSnippets.h in Headers */,
				1ACF95761CB902A700CBADCD /* SketchSnippetsApp.h in Headers */,
				1ACF95871CB910C900CBADCD /* SketchSnippetsViewController.h in Headers */,
			);
			runOnlyForDeploymentPostprocessing = 0;
		};
		1ACF958F1CB920A900CBADCD /* Headers */ = {
			isa = PBXHeadersBuildPhase;
			buildActionMask = 2147483647;
			files = (
				1ACF95B31CB9326200CBADCD /* ArtboardPreviewController.h in Headers */,
			);
			runOnlyForDeploymentPostprocessing = 0;
		};
/* End PBXHeadersBuildPhase section */

/* Begin PBXNativeTarget section */
		1AAB61CC1CB6D9A70042E3B0 /* PluginController */ = {
			isa = PBXNativeTarget;
			buildConfigurationList = 1AAB61E91CB6D9A70042E3B0 /* Build configuration list for PBXNativeTarget "PluginController" */;
			buildPhases = (
				1AAB61C91CB6D9A70042E3B0 /* Sources */,
				1AAB61CA1CB6D9A70042E3B0 /* Frameworks */,
				1AAB61CB1CB6D9A70042E3B0 /* Resources */,
				1AAB62101CB6DAB90042E3B0 /* Embed Frameworks */,
				1AAB62271CB6DC100042E3B0 /* CopyFiles */,
			);
			buildRules = (
			);
			dependencies = (
				1ACF95691CB8F79F00CBADCD /* PBXTargetDependency */,
				1ACF95A61CB920AA00CBADCD /* PBXTargetDependency */,
			);
			name = PluginController;
			productName = PluginController;
			productReference = 1AAB61CD1CB6D9A70042E3B0 /* PluginController.app */;
			productType = "com.apple.product-type.application";
		};
		1AAB61DF1CB6D9A70042E3B0 /* PluginControllerTests */ = {
			isa = PBXNativeTarget;
			buildConfigurationList = 1AAB61EC1CB6D9A70042E3B0 /* Build configuration list for PBXNativeTarget "PluginControllerTests" */;
			buildPhases = (
				1AAB61DC1CB6D9A70042E3B0 /* Sources */,
				1AAB61DD1CB6D9A70042E3B0 /* Frameworks */,
				1AAB61DE1CB6D9A70042E3B0 /* Resources */,
			);
			buildRules = (
			);
			dependencies = (
				1AAB61E21CB6D9A70042E3B0 /* PBXTargetDependency */,
			);
			name = PluginControllerTests;
			productName = PluginControllerTests;
			productReference = 1AAB61E01CB6D9A70042E3B0 /* PluginControllerTests.xctest */;
			productType = "com.apple.product-type.bundle.unit-test";
		};
		1AAB61F51CB6DAB90042E3B0 /* PluginHelper */ = {
			isa = PBXNativeTarget;
			buildConfigurationList = 1AAB620D1CB6DAB90042E3B0 /* Build configuration list for PBXNativeTarget "PluginHelper" */;
			buildPhases = (
				1AAB61F11CB6DAB90042E3B0 /* Sources */,
				1AAB61F21CB6DAB90042E3B0 /* Frameworks */,
				1AAB61F31CB6DAB90042E3B0 /* Headers */,
				1AAB61F41CB6DAB90042E3B0 /* Resources */,
			);
			buildRules = (
			);
			dependencies = (
			);
			name = PluginHelper;
			productName = PluginHelper;
			productReference = 1AAB61F61CB6DAB90042E3B0 /* PluginHelper.framework */;
			productType = "com.apple.product-type.framework";
		};
		1AAB61FE1CB6DAB90042E3B0 /* PluginHelperTests */ = {
			isa = PBXNativeTarget;
			buildConfigurationList = 1AAB62111CB6DAB90042E3B0 /* Build configuration list for PBXNativeTarget "PluginHelperTests" */;
			buildPhases = (
				1AAB61FB1CB6DAB90042E3B0 /* Sources */,
				1AAB61FC1CB6DAB90042E3B0 /* Frameworks */,
				1AAB61FD1CB6DAB90042E3B0 /* Resources */,
			);
			buildRules = (
			);
			dependencies = (
				1AAB62021CB6DAB90042E3B0 /* PBXTargetDependency */,
				1AAB62041CB6DAB90042E3B0 /* PBXTargetDependency */,
			);
			name = PluginHelperTests;
			productName = PluginHelperTests;
			productReference = 1AAB61FF1CB6DAB90042E3B0 /* PluginHelperTests.xctest */;
			productType = "com.apple.product-type.bundle.unit-test";
		};
		1ACF95541CB8F79E00CBADCD /* SketchSnippets */ = {
			isa = PBXNativeTarget;
			buildConfigurationList = 1ACF956C1CB8F79F00CBADCD /* Build configuration list for PBXNativeTarget "SketchSnippets" */;
			buildPhases = (
				1ACF95501CB8F79E00CBADCD /* Sources */,
				1ACF95511CB8F79E00CBADCD /* Frameworks */,
				1ACF95521CB8F79E00CBADCD /* Headers */,
				1ACF95531CB8F79E00CBADCD /* Resources */,
			);
			buildRules = (
			);
			dependencies = (
				1ACF957C1CB9084100CBADCD /* PBXTargetDependency */,
			);
			name = SketchSnippets;
			productName = SketchSnippets;
			productReference = 1ACF95551CB8F79E00CBADCD /* SketchSnippets.framework */;
			productType = "com.apple.product-type.framework";
		};
		1ACF955D1CB8F79F00CBADCD /* SketchSnippetsTests */ = {
			isa = PBXNativeTarget;
			buildConfigurationList = 1ACF956F1CB8F79F00CBADCD /* Build configuration list for PBXNativeTarget "SketchSnippetsTests" */;
			buildPhases = (
				1ACF955A1CB8F79F00CBADCD /* Sources */,
				1ACF955B1CB8F79F00CBADCD /* Frameworks */,
				1ACF955C1CB8F79F00CBADCD /* Resources */,
			);
			buildRules = (
			);
			dependencies = (
				1ACF95611CB8F79F00CBADCD /* PBXTargetDependency */,
				1ACF95631CB8F79F00CBADCD /* PBXTargetDependency */,
			);
			name = SketchSnippetsTests;
			productName = SketchSnippetsTests;
			productReference = 1ACF955E1CB8F79F00CBADCD /* SketchSnippetsTests.xctest */;
			productType = "com.apple.product-type.bundle.unit-test";
		};
		1ACF95911CB920A900CBADCD /* ArtboardPreview */ = {
			isa = PBXNativeTarget;
			buildConfigurationList = 1ACF95A91CB920AA00CBADCD /* Build configuration list for PBXNativeTarget "ArtboardPreview" */;
			buildPhases = (
				1ACF958D1CB920A900CBADCD /* Sources */,
				1ACF958E1CB920A900CBADCD /* Frameworks */,
				1ACF958F1CB920A900CBADCD /* Headers */,
				1ACF95901CB920A900CBADCD /* Resources */,
			);
			buildRules = (
			);
			dependencies = (
			);
			name = ArtboardPreview;
			productName = ArtboardPreview;
			productReference = 1ACF95921CB920A900CBADCD /* ArtboardPreview.framework */;
			productType = "com.apple.product-type.framework";
		};
		1ACF959A1CB920AA00CBADCD /* ArtboardPreviewTests */ = {
			isa = PBXNativeTarget;
			buildConfigurationList = 1ACF95AC1CB920AA00CBADCD /* Build configuration list for PBXNativeTarget "ArtboardPreviewTests" */;
			buildPhases = (
				1ACF95971CB920AA00CBADCD /* Sources */,
				1ACF95981CB920AA00CBADCD /* Frameworks */,
				1ACF95991CB920AA00CBADCD /* Resources */,
			);
			buildRules = (
			);
			dependencies = (
				1ACF959E1CB920AA00CBADCD /* PBXTargetDependency */,
				1ACF95A01CB920AA00CBADCD /* PBXTargetDependency */,
			);
			name = ArtboardPreviewTests;
			productName = ArtboardPreviewTests;
			productReference = 1ACF959B1CB920AA00CBADCD /* ArtboardPreviewTests.xctest */;
			productType = "com.apple.product-type.bundle.unit-test";
		};
/* End PBXNativeTarget section */

/* Begin PBXProject section */
		1AAB61C51CB6D9A70042E3B0 /* Project object */ = {
			isa = PBXProject;
			attributes = {
				LastUpgradeCheck = 0720;
				ORGANIZATIONNAME = "Magic Mirror";
				TargetAttributes = {
					1AAB61CC1CB6D9A70042E3B0 = {
						CreatedOnToolsVersion = 7.2;
					};
					1AAB61DF1CB6D9A70042E3B0 = {
						CreatedOnToolsVersion = 7.2;
						TestTargetID = 1AAB61CC1CB6D9A70042E3B0;
					};
					1AAB61F51CB6DAB90042E3B0 = {
						CreatedOnToolsVersion = 7.2;
					};
					1AAB61FE1CB6DAB90042E3B0 = {
						CreatedOnToolsVersion = 7.2;
						TestTargetID = 1AAB61CC1CB6D9A70042E3B0;
					};
					1ACF95541CB8F79E00CBADCD = {
						CreatedOnToolsVersion = 7.2;
					};
					1ACF955D1CB8F79F00CBADCD = {
						CreatedOnToolsVersion = 7.2;
						TestTargetID = 1AAB61CC1CB6D9A70042E3B0;
					};
					1ACF95911CB920A900CBADCD = {
						CreatedOnToolsVersion = 7.2;
					};
					1ACF959A1CB920AA00CBADCD = {
						CreatedOnToolsVersion = 7.2;
						TestTargetID = 1AAB61CC1CB6D9A70042E3B0;
					};
				};
			};
			buildConfigurationList = 1AAB61C81CB6D9A70042E3B0 /* Build configuration list for PBXProject "PluginController" */;
			compatibilityVersion = "Xcode 3.2";
			developmentRegion = English;
			hasScannedForEncodings = 0;
			knownRegions = (
				en,
				Base,
			);
			mainGroup = 1AAB61C41CB6D9A70042E3B0;
			productRefGroup = 1AAB61CE1CB6D9A70042E3B0 /* Products */;
			projectDirPath = "";
			projectRoot = "";
			targets = (
				1AAB61CC1CB6D9A70042E3B0 /* PluginController */,
				1AAB61DF1CB6D9A70042E3B0 /* PluginControllerTests */,
				1AAB61F51CB6DAB90042E3B0 /* PluginHelper */,
				1AAB61FE1CB6DAB90042E3B0 /* PluginHelperTests */,
				1ACF95541CB8F79E00CBADCD /* SketchSnippets */,
				1ACF955D1CB8F79F00CBADCD /* SketchSnippetsTests */,
				1ACF95911CB920A900CBADCD /* ArtboardPreview */,
				1ACF959A1CB920AA00CBADCD /* ArtboardPreviewTests */,
			);
		};
/* End PBXProject section */

/* Begin PBXResourcesBuildPhase section */
		1AAB61CB1CB6D9A70042E3B0 /* Resources */ = {
			isa = PBXResourcesBuildPhase;
			buildActionMask = 2147483647;
			files = (
				1AAB62301CB6F3690042E3B0 /* helper.js in Resources */,
				1AAB61D71CB6D9A70042E3B0 /* Assets.xcassets in Resources */,
				1AAB62351CB705D10042E3B0 /* coscript in Resources */,
				1AAB61F01CB6DA120042E3B0 /* Plugin.sketchplugin in Resources */,
				1ACF95B01CB920CE00CBADCD /* ArtboardPreview.sketchplugin in Resources */,
				1AAB61DA1CB6D9A70042E3B0 /* MainMenu.xib in Resources */,
				1AAB62491CB7E4390042E3B0 /* codeToRun.js in Resources */,
				1ACF958A1CB91AF000CBADCD /* Untitled.js in Resources */,
			);
			runOnlyForDeploymentPostprocessing = 0;
		};
		1AAB61DE1CB6D9A70042E3B0 /* Resources */ = {
			isa = PBXResourcesBuildPhase;
			buildActionMask = 2147483647;
			files = (
			);
			runOnlyForDeploymentPostprocessing = 0;
		};
		1AAB61F41CB6DAB90042E3B0 /* Resources */ = {
			isa = PBXResourcesBuildPhase;
			buildActionMask = 2147483647;
			files = (
			);
			runOnlyForDeploymentPostprocessing = 0;
		};
		1AAB61FD1CB6DAB90042E3B0 /* Resources */ = {
			isa = PBXResourcesBuildPhase;
			buildActionMask = 2147483647;
			files = (
				1AAB62281CB6DDAA0042E3B0 /* Plugin.sketchplugin in Resources */,
			);
			runOnlyForDeploymentPostprocessing = 0;
		};
		1ACF95531CB8F79E00CBADCD /* Resources */ = {
			isa = PBXResourcesBuildPhase;
			buildActionMask = 2147483647;
			files = (
				1ACF958C1CB9202D00CBADCD /* snippets_default.plist in Resources */,
				1ACF95841CB90D9E00CBADCD /* SketchSnippets.storyboard in Resources */,
			);
			runOnlyForDeploymentPostprocessing = 0;
		};
		1ACF955C1CB8F79F00CBADCD /* Resources */ = {
			isa = PBXResourcesBuildPhase;
			buildActionMask = 2147483647;
			files = (
			);
			runOnlyForDeploymentPostprocessing = 0;
		};
		1ACF95901CB920A900CBADCD /* Resources */ = {
			isa = PBXResourcesBuildPhase;
			buildActionMask = 2147483647;
			files = (
				1ACF95B61CB938E800CBADCD /* ArtboardPreview.storyboard in Resources */,
			);
			runOnlyForDeploymentPostprocessing = 0;
		};
		1ACF95991CB920AA00CBADCD /* Resources */ = {
			isa = PBXResourcesBuildPhase;
			buildActionMask = 2147483647;
			files = (
			);
			runOnlyForDeploymentPostprocessing = 0;
		};
/* End PBXResourcesBuildPhase section */

/* Begin PBXSourcesBuildPhase section */
		1AAB61C91CB6D9A70042E3B0 /* Sources */ = {
			isa = PBXSourcesBuildPhase;
			buildActionMask = 2147483647;
			files = (
				1AAB61D51CB6D9A70042E3B0 /* main.m in Sources */,
				1AAB61D21CB6D9A70042E3B0 /* AppDelegate.m in Sources */,
			);
			runOnlyForDeploymentPostprocessing = 0;
		};
		1AAB61DC1CB6D9A70042E3B0 /* Sources */ = {
			isa = PBXSourcesBuildPhase;
			buildActionMask = 2147483647;
			files = (
				1AAB61E51CB6D9A70042E3B0 /* PluginControllerTests.m in Sources */,
			);
			runOnlyForDeploymentPostprocessing = 0;
		};
		1AAB61F11CB6DAB90042E3B0 /* Sources */ = {
			isa = PBXSourcesBuildPhase;
			buildActionMask = 2147483647;
			files = (
				1AAB62541CB865010042E3B0 /* CMD.m in Sources */,
				1AAB621F1CB6DAC80042E3B0 /* Plugin.m in Sources */,
				1AAB621D1CB6DAC80042E3B0 /* Manifest.m in Sources */,
				1ACF94E91CB8EA4700CBADCD /* COScript.m in Sources */,
				1AAB621B1CB6DAC80042E3B0 /* Command.m in Sources */,
			);
			runOnlyForDeploymentPostprocessing = 0;
		};
		1AAB61FB1CB6DAB90042E3B0 /* Sources */ = {
			isa = PBXSourcesBuildPhase;
			buildActionMask = 2147483647;
			files = (
				1AAB62471CB7B1910042E3B0 /* COScriptTests.m in Sources */,
				1AAB62241CB6DAD10042E3B0 /* ManifestTests.m in Sources */,
				1AAB62251CB6DAD10042E3B0 /* PluginTests.m in Sources */,
				1AAB62231CB6DAD10042E3B0 /* CommandTests.m in Sources */,
			);
			runOnlyForDeploymentPostprocessing = 0;
		};
		1ACF95501CB8F79E00CBADCD /* Sources */ = {
			isa = PBXSourcesBuildPhase;
			buildActionMask = 2147483647;
			files = (
				1ACF95881CB910C900CBADCD /* SketchSnippetsViewController.m in Sources */,
				1ACF95771CB902A700CBADCD /* SketchSnippetsApp.m in Sources */,
			);
			runOnlyForDeploymentPostprocessing = 0;
		};
		1ACF955A1CB8F79F00CBADCD /* Sources */ = {
			isa = PBXSourcesBuildPhase;
			buildActionMask = 2147483647;
			files = (
				1ACF95661CB8F79F00CBADCD /* SketchSnippetsTests.m in Sources */,
			);
			runOnlyForDeploymentPostprocessing = 0;
		};
		1ACF958D1CB920A900CBADCD /* Sources */ = {
			isa = PBXSourcesBuildPhase;
			buildActionMask = 2147483647;
			files = (
				1ACF95B41CB9326200CBADCD /* ArtboardPreviewController.m in Sources */,
			);
			runOnlyForDeploymentPostprocessing = 0;
		};
		1ACF95971CB920AA00CBADCD /* Sources */ = {
			isa = PBXSourcesBuildPhase;
			buildActionMask = 2147483647;
			files = (
				1ACF95A31CB920AA00CBADCD /* ArtboardPreviewTests.m in Sources */,
			);
			runOnlyForDeploymentPostprocessing = 0;
		};
/* End PBXSourcesBuildPhase section */

/* Begin PBXTargetDependency section */
		1AAB61E21CB6D9A70042E3B0 /* PBXTargetDependency */ = {
			isa = PBXTargetDependency;
			target = 1AAB61CC1CB6D9A70042E3B0 /* PluginController */;
			targetProxy = 1AAB61E11CB6D9A70042E3B0 /* PBXContainerItemProxy */;
		};
		1AAB62021CB6DAB90042E3B0 /* PBXTargetDependency */ = {
			isa = PBXTargetDependency;
			target = 1AAB61F51CB6DAB90042E3B0 /* PluginHelper */;
			targetProxy = 1AAB62011CB6DAB90042E3B0 /* PBXContainerItemProxy */;
		};
		1AAB62041CB6DAB90042E3B0 /* PBXTargetDependency */ = {
			isa = PBXTargetDependency;
			target = 1AAB61CC1CB6D9A70042E3B0 /* PluginController */;
			targetProxy = 1AAB62031CB6DAB90042E3B0 /* PBXContainerItemProxy */;
		};
		1ACF95611CB8F79F00CBADCD /* PBXTargetDependency */ = {
			isa = PBXTargetDependency;
			target = 1ACF95541CB8F79E00CBADCD /* SketchSnippets */;
			targetProxy = 1ACF95601CB8F79F00CBADCD /* PBXContainerItemProxy */;
		};
		1ACF95631CB8F79F00CBADCD /* PBXTargetDependency */ = {
			isa = PBXTargetDependency;
			target = 1AAB61CC1CB6D9A70042E3B0 /* PluginController */;
			targetProxy = 1ACF95621CB8F79F00CBADCD /* PBXContainerItemProxy */;
		};
		1ACF95691CB8F79F00CBADCD /* PBXTargetDependency */ = {
			isa = PBXTargetDependency;
			target = 1ACF95541CB8F79E00CBADCD /* SketchSnippets */;
			targetProxy = 1ACF95681CB8F79F00CBADCD /* PBXContainerItemProxy */;
		};
		1ACF957C1CB9084100CBADCD /* PBXTargetDependency */ = {
			isa = PBXTargetDependency;
			target = 1AAB61F51CB6DAB90042E3B0 /* PluginHelper */;
			targetProxy = 1ACF957B1CB9084100CBADCD /* PBXContainerItemProxy */;
		};
		1ACF959E1CB920AA00CBADCD /* PBXTargetDependency */ = {
			isa = PBXTargetDependency;
			target = 1ACF95911CB920A900CBADCD /* ArtboardPreview */;
			targetProxy = 1ACF959D1CB920AA00CBADCD /* PBXContainerItemProxy */;
		};
		1ACF95A01CB920AA00CBADCD /* PBXTargetDependency */ = {
			isa = PBXTargetDependency;
			target = 1AAB61CC1CB6D9A70042E3B0 /* PluginController */;
			targetProxy = 1ACF959F1CB920AA00CBADCD /* PBXContainerItemProxy */;
		};
		1ACF95A61CB920AA00CBADCD /* PBXTargetDependency */ = {
			isa = PBXTargetDependency;
			target = 1ACF95911CB920A900CBADCD /* ArtboardPreview */;
			targetProxy = 1ACF95A51CB920AA00CBADCD /* PBXContainerItemProxy */;
		};
/* End PBXTargetDependency section */

/* Begin PBXVariantGroup section */
		1AAB61D81CB6D9A70042E3B0 /* MainMenu.xib */ = {
			isa = PBXVariantGroup;
			children = (
				1AAB61D91CB6D9A70042E3B0 /* Base */,
			);
			name = MainMenu.xib;
			sourceTree = "<group>";
		};
/* End PBXVariantGroup section */

/* Begin XCBuildConfiguration section */
		1AAB61E71CB6D9A70042E3B0 /* Debug */ = {
			isa = XCBuildConfiguration;
			buildSettings = {
				ALWAYS_SEARCH_USER_PATHS = NO;
				CLANG_CXX_LANGUAGE_STANDARD = "gnu++0x";
				CLANG_CXX_LIBRARY = "libc++";
				CLANG_ENABLE_MODULES = YES;
				CLANG_ENABLE_OBJC_ARC = YES;
				CLANG_WARN_BOOL_CONVERSION = YES;
				CLANG_WARN_CONSTANT_CONVERSION = YES;
				CLANG_WARN_DIRECT_OBJC_ISA_USAGE = YES_ERROR;
				CLANG_WARN_EMPTY_BODY = YES;
				CLANG_WARN_ENUM_CONVERSION = YES;
				CLANG_WARN_INT_CONVERSION = YES;
				CLANG_WARN_OBJC_ROOT_CLASS = YES_ERROR;
				CLANG_WARN_UNREACHABLE_CODE = YES;
				CLANG_WARN__DUPLICATE_METHOD_MATCH = YES;
				CODE_SIGN_IDENTITY = "-";
				COPY_PHASE_STRIP = NO;
				DEBUG_INFORMATION_FORMAT = dwarf;
				ENABLE_STRICT_OBJC_MSGSEND = YES;
				ENABLE_TESTABILITY = YES;
				GCC_C_LANGUAGE_STANDARD = gnu99;
				GCC_DYNAMIC_NO_PIC = NO;
				GCC_NO_COMMON_BLOCKS = YES;
				GCC_OPTIMIZATION_LEVEL = 0;
				GCC_PREPROCESSOR_DEFINITIONS = (
					"DEBUG=1",
					"$(inherited)",
				);
				GCC_WARN_64_TO_32_BIT_CONVERSION = YES;
				GCC_WARN_ABOUT_RETURN_TYPE = YES_ERROR;
				GCC_WARN_UNDECLARED_SELECTOR = YES;
				GCC_WARN_UNINITIALIZED_AUTOS = YES_AGGRESSIVE;
				GCC_WARN_UNUSED_FUNCTION = YES;
				GCC_WARN_UNUSED_VARIABLE = YES;
				MACOSX_DEPLOYMENT_TARGET = 10.11;
				MTL_ENABLE_DEBUG_INFO = YES;
				ONLY_ACTIVE_ARCH = YES;
				SDKROOT = macosx;
			};
			name = Debug;
		};
		1AAB61E81CB6D9A70042E3B0 /* Release */ = {
			isa = XCBuildConfiguration;
			buildSettings = {
				ALWAYS_SEARCH_USER_PATHS = NO;
				CLANG_CXX_LANGUAGE_STANDARD = "gnu++0x";
				CLANG_CXX_LIBRARY = "libc++";
				CLANG_ENABLE_MODULES = YES;
				CLANG_ENABLE_OBJC_ARC = YES;
				CLANG_WARN_BOOL_CONVERSION = YES;
				CLANG_WARN_CONSTANT_CONVERSION = YES;
				CLANG_WARN_DIRECT_OBJC_ISA_USAGE = YES_ERROR;
				CLANG_WARN_EMPTY_BODY = YES;
				CLANG_WARN_ENUM_CONVERSION = YES;
				CLANG_WARN_INT_CONVERSION = YES;
				CLANG_WARN_OBJC_ROOT_CLASS = YES_ERROR;
				CLANG_WARN_UNREACHABLE_CODE = YES;
				CLANG_WARN__DUPLICATE_METHOD_MATCH = YES;
				CODE_SIGN_IDENTITY = "-";
				COPY_PHASE_STRIP = NO;
				DEBUG_INFORMATION_FORMAT = "dwarf-with-dsym";
				ENABLE_NS_ASSERTIONS = NO;
				ENABLE_STRICT_OBJC_MSGSEND = YES;
				GCC_C_LANGUAGE_STANDARD = gnu99;
				GCC_NO_COMMON_BLOCKS = YES;
				GCC_WARN_64_TO_32_BIT_CONVERSION = YES;
				GCC_WARN_ABOUT_RETURN_TYPE = YES_ERROR;
				GCC_WARN_UNDECLARED_SELECTOR = YES;
				GCC_WARN_UNINITIALIZED_AUTOS = YES_AGGRESSIVE;
				GCC_WARN_UNUSED_FUNCTION = YES;
				GCC_WARN_UNUSED_VARIABLE = YES;
				MACOSX_DEPLOYMENT_TARGET = 10.11;
				MTL_ENABLE_DEBUG_INFO = NO;
				SDKROOT = macosx;
			};
			name = Release;
		};
		1AAB61EA1CB6D9A70042E3B0 /* Debug */ = {
			isa = XCBuildConfiguration;
			buildSettings = {
				ASSETCATALOG_COMPILER_APPICON_NAME = AppIcon;
				COMBINE_HIDPI_IMAGES = YES;
				INFOPLIST_FILE = PluginController/Info.plist;
				LD_RUNPATH_SEARCH_PATHS = "$(inherited) @executable_path/../Frameworks";
				PRODUCT_BUNDLE_IDENTIFIER = design.magicmirror.PluginController;
				PRODUCT_NAME = "$(TARGET_NAME)";
			};
			name = Debug;
		};
		1AAB61EB1CB6D9A70042E3B0 /* Release */ = {
			isa = XCBuildConfiguration;
			buildSettings = {
				ASSETCATALOG_COMPILER_APPICON_NAME = AppIcon;
				COMBINE_HIDPI_IMAGES = YES;
				INFOPLIST_FILE = PluginController/Info.plist;
				LD_RUNPATH_SEARCH_PATHS = "$(inherited) @executable_path/../Frameworks";
				PRODUCT_BUNDLE_IDENTIFIER = design.magicmirror.PluginController;
				PRODUCT_NAME = "$(TARGET_NAME)";
			};
			name = Release;
		};
		1AAB61ED1CB6D9A70042E3B0 /* Debug */ = {
			isa = XCBuildConfiguration;
			buildSettings = {
				BUNDLE_LOADER = "$(TEST_HOST)";
				COMBINE_HIDPI_IMAGES = YES;
				INFOPLIST_FILE = PluginControllerTests/Info.plist;
				LD_RUNPATH_SEARCH_PATHS = "$(inherited) @executable_path/../Frameworks @loader_path/../Frameworks";
				PRODUCT_BUNDLE_IDENTIFIER = design.magicmirror.PluginControllerTests;
				PRODUCT_NAME = "$(TARGET_NAME)";
				TEST_HOST = "$(BUILT_PRODUCTS_DIR)/PluginController.app/Contents/MacOS/PluginController";
			};
			name = Debug;
		};
		1AAB61EE1CB6D9A70042E3B0 /* Release */ = {
			isa = XCBuildConfiguration;
			buildSettings = {
				BUNDLE_LOADER = "$(TEST_HOST)";
				COMBINE_HIDPI_IMAGES = YES;
				INFOPLIST_FILE = PluginControllerTests/Info.plist;
				LD_RUNPATH_SEARCH_PATHS = "$(inherited) @executable_path/../Frameworks @loader_path/../Frameworks";
				PRODUCT_BUNDLE_IDENTIFIER = design.magicmirror.PluginControllerTests;
				PRODUCT_NAME = "$(TARGET_NAME)";
				TEST_HOST = "$(BUILT_PRODUCTS_DIR)/PluginController.app/Contents/MacOS/PluginController";
			};
			name = Release;
		};
		1AAB620E1CB6DAB90042E3B0 /* Debug */ = {
			isa = XCBuildConfiguration;
			buildSettings = {
				COMBINE_HIDPI_IMAGES = YES;
				CURRENT_PROJECT_VERSION = 1;
				DEFINES_MODULE = YES;
				DYLIB_COMPATIBILITY_VERSION = 1;
				DYLIB_CURRENT_VERSION = 1;
				DYLIB_INSTALL_NAME_BASE = "@rpath";
				FRAMEWORK_VERSION = A;
				INFOPLIST_FILE = PluginHelper/Info.plist;
				INSTALL_PATH = "$(LOCAL_LIBRARY_DIR)/Frameworks";
				LD_RUNPATH_SEARCH_PATHS = "$(inherited) @executable_path/../Frameworks @loader_path/Frameworks";
				PRODUCT_BUNDLE_IDENTIFIER = design.magicmirror.PluginHelper;
				PRODUCT_NAME = "$(TARGET_NAME)";
				SKIP_INSTALL = YES;
				VERSIONING_SYSTEM = "apple-generic";
				VERSION_INFO_PREFIX = "";
			};
			name = Debug;
		};
		1AAB620F1CB6DAB90042E3B0 /* Release */ = {
			isa = XCBuildConfiguration;
			buildSettings = {
				COMBINE_HIDPI_IMAGES = YES;
				CURRENT_PROJECT_VERSION = 1;
				DEFINES_MODULE = YES;
				DYLIB_COMPATIBILITY_VERSION = 1;
				DYLIB_CURRENT_VERSION = 1;
				DYLIB_INSTALL_NAME_BASE = "@rpath";
				FRAMEWORK_VERSION = A;
				INFOPLIST_FILE = PluginHelper/Info.plist;
				INSTALL_PATH = "$(LOCAL_LIBRARY_DIR)/Frameworks";
				LD_RUNPATH_SEARCH_PATHS = "$(inherited) @executable_path/../Frameworks @loader_path/Frameworks";
				PRODUCT_BUNDLE_IDENTIFIER = design.magicmirror.PluginHelper;
				PRODUCT_NAME = "$(TARGET_NAME)";
				SKIP_INSTALL = YES;
				VERSIONING_SYSTEM = "apple-generic";
				VERSION_INFO_PREFIX = "";
			};
			name = Release;
		};
		1AAB62121CB6DAB90042E3B0 /* Debug */ = {
			isa = XCBuildConfiguration;
			buildSettings = {
				COMBINE_HIDPI_IMAGES = YES;
				INFOPLIST_FILE = PluginHelperTests/Info.plist;
				LD_RUNPATH_SEARCH_PATHS = "$(inherited) @executable_path/../Frameworks @loader_path/../Frameworks";
				PRODUCT_BUNDLE_IDENTIFIER = design.magicmirror.PluginHelperTests;
				PRODUCT_NAME = "$(TARGET_NAME)";
				TEST_HOST = "$(BUILT_PRODUCTS_DIR)/PluginController.app/Contents/MacOS/PluginController";
			};
			name = Debug;
		};
		1AAB62131CB6DAB90042E3B0 /* Release */ = {
			isa = XCBuildConfiguration;
			buildSettings = {
				COMBINE_HIDPI_IMAGES = YES;
				INFOPLIST_FILE = PluginHelperTests/Info.plist;
				LD_RUNPATH_SEARCH_PATHS = "$(inherited) @executable_path/../Frameworks @loader_path/../Frameworks";
				PRODUCT_BUNDLE_IDENTIFIER = design.magicmirror.PluginHelperTests;
				PRODUCT_NAME = "$(TARGET_NAME)";
				TEST_HOST = "$(BUILT_PRODUCTS_DIR)/PluginController.app/Contents/MacOS/PluginController";
			};
			name = Release;
		};
		1ACF956D1CB8F79F00CBADCD /* Debug */ = {
			isa = XCBuildConfiguration;
			buildSettings = {
				COMBINE_HIDPI_IMAGES = YES;
				CURRENT_PROJECT_VERSION = 1;
				DEFINES_MODULE = YES;
				DYLIB_COMPATIBILITY_VERSION = 1;
				DYLIB_CURRENT_VERSION = 1;
				DYLIB_INSTALL_NAME_BASE = "@rpath";
				FRAMEWORK_VERSION = A;
				INFOPLIST_FILE = SketchSnippets/Info.plist;
				INSTALL_PATH = "$(LOCAL_LIBRARY_DIR)/Frameworks";
				LD_RUNPATH_SEARCH_PATHS = "$(inherited) @executable_path/../Frameworks @loader_path/Frameworks";
				PRODUCT_BUNDLE_IDENTIFIER = design.magicmirror.SketchSnippets;
				PRODUCT_NAME = "$(TARGET_NAME)";
				SKIP_INSTALL = YES;
				VERSIONING_SYSTEM = "apple-generic";
				VERSION_INFO_PREFIX = "";
			};
			name = Debug;
		};
		1ACF956E1CB8F79F00CBADCD /* Release */ = {
			isa = XCBuildConfiguration;
			buildSettings = {
				COMBINE_HIDPI_IMAGES = YES;
				CURRENT_PROJECT_VERSION = 1;
				DEFINES_MODULE = YES;
				DYLIB_COMPATIBILITY_VERSION = 1;
				DYLIB_CURRENT_VERSION = 1;
				DYLIB_INSTALL_NAME_BASE = "@rpath";
				FRAMEWORK_VERSION = A;
				INFOPLIST_FILE = SketchSnippets/Info.plist;
				INSTALL_PATH = "$(LOCAL_LIBRARY_DIR)/Frameworks";
				LD_RUNPATH_SEARCH_PATHS = "$(inherited) @executable_path/../Frameworks @loader_path/Frameworks";
				PRODUCT_BUNDLE_IDENTIFIER = design.magicmirror.SketchSnippets;
				PRODUCT_NAME = "$(TARGET_NAME)";
				SKIP_INSTALL = YES;
				VERSIONING_SYSTEM = "apple-generic";
				VERSION_INFO_PREFIX = "";
			};
			name = Release;
		};
		1ACF95701CB8F79F00CBADCD /* Debug */ = {
			isa = XCBuildConfiguration;
			buildSettings = {
				COMBINE_HIDPI_IMAGES = YES;
				INFOPLIST_FILE = SketchSnippetsTests/Info.plist;
				LD_RUNPATH_SEARCH_PATHS = "$(inherited) @executable_path/../Frameworks @loader_path/../Frameworks";
				PRODUCT_BUNDLE_IDENTIFIER = design.magicmirror.SketchSnippetsTests;
				PRODUCT_NAME = "$(TARGET_NAME)";
				TEST_HOST = "$(BUILT_PRODUCTS_DIR)/PluginController.app/Contents/MacOS/PluginController";
			};
			name = Debug;
		};
		1ACF95711CB8F79F00CBADCD /* Release */ = {
			isa = XCBuildConfiguration;
			buildSettings = {
				COMBINE_HIDPI_IMAGES = YES;
				INFOPLIST_FILE = SketchSnippetsTests/Info.plist;
				LD_RUNPATH_SEARCH_PATHS = "$(inherited) @executable_path/../Frameworks @loader_path/../Frameworks";
				PRODUCT_BUNDLE_IDENTIFIER = design.magicmirror.SketchSnippetsTests;
				PRODUCT_NAME = "$(TARGET_NAME)";
				TEST_HOST = "$(BUILT_PRODUCTS_DIR)/PluginController.app/Contents/MacOS/PluginController";
			};
			name = Release;
		};
		1ACF95AA1CB920AA00CBADCD /* Debug */ = {
			isa = XCBuildConfiguration;
			buildSettings = {
				COMBINE_HIDPI_IMAGES = YES;
				CURRENT_PROJECT_VERSION = 1;
				DEFINES_MODULE = YES;
				DYLIB_COMPATIBILITY_VERSION = 1;
				DYLIB_CURRENT_VERSION = 1;
				DYLIB_INSTALL_NAME_BASE = "@rpath";
				FRAMEWORK_VERSION = A;
				INFOPLIST_FILE = ArtboardPreview/Info.plist;
				INSTALL_PATH = "$(LOCAL_LIBRARY_DIR)/Frameworks";
				LD_RUNPATH_SEARCH_PATHS = "$(inherited) @executable_path/../Frameworks @loader_path/Frameworks";
				PRODUCT_BUNDLE_IDENTIFIER = design.magicmirror.ArtboardPreview;
				PRODUCT_NAME = "$(TARGET_NAME)";
				SKIP_INSTALL = YES;
				VERSIONING_SYSTEM = "apple-generic";
				VERSION_INFO_PREFIX = "";
			};
			name = Debug;
		};
		1ACF95AB1CB920AA00CBADCD /* Release */ = {
			isa = XCBuildConfiguration;
			buildSettings = {
				COMBINE_HIDPI_IMAGES = YES;
				CURRENT_PROJECT_VERSION = 1;
				DEFINES_MODULE = YES;
				DYLIB_COMPATIBILITY_VERSION = 1;
				DYLIB_CURRENT_VERSION = 1;
				DYLIB_INSTALL_NAME_BASE = "@rpath";
				FRAMEWORK_VERSION = A;
				INFOPLIST_FILE = ArtboardPreview/Info.plist;
				INSTALL_PATH = "$(LOCAL_LIBRARY_DIR)/Frameworks";
				LD_RUNPATH_SEARCH_PATHS = "$(inherited) @executable_path/../Frameworks @loader_path/Frameworks";
				PRODUCT_BUNDLE_IDENTIFIER = design.magicmirror.ArtboardPreview;
				PRODUCT_NAME = "$(TARGET_NAME)";
				SKIP_INSTALL = YES;
				VERSIONING_SYSTEM = "apple-generic";
				VERSION_INFO_PREFIX = "";
			};
			name = Release;
		};
		1ACF95AD1CB920AA00CBADCD /* Debug */ = {
			isa = XCBuildConfiguration;
			buildSettings = {
				COMBINE_HIDPI_IMAGES = YES;
				INFOPLIST_FILE = ArtboardPreviewTests/Info.plist;
				LD_RUNPATH_SEARCH_PATHS = "$(inherited) @executable_path/../Frameworks @loader_path/../Frameworks";
				PRODUCT_BUNDLE_IDENTIFIER = design.magicmirror.ArtboardPreviewTests;
				PRODUCT_NAME = "$(TARGET_NAME)";
				TEST_HOST = "$(BUILT_PRODUCTS_DIR)/PluginController.app/Contents/MacOS/PluginController";
			};
			name = Debug;
		};
		1ACF95AE1CB920AA00CBADCD /* Release */ = {
			isa = XCBuildConfiguration;
			buildSettings = {
				COMBINE_HIDPI_IMAGES = YES;
				INFOPLIST_FILE = ArtboardPreviewTests/Info.plist;
				LD_RUNPATH_SEARCH_PATHS = "$(inherited) @executable_path/../Frameworks @loader_path/../Frameworks";
				PRODUCT_BUNDLE_IDENTIFIER = design.magicmirror.ArtboardPreviewTests;
				PRODUCT_NAME = "$(TARGET_NAME)";
				TEST_HOST = "$(BUILT_PRODUCTS_DIR)/PluginController.app/Contents/MacOS/PluginController";
			};
			name = Release;
		};
/* End XCBuildConfiguration section */

/* Begin XCConfigurationList section */
		1AAB61C81CB6D9A70042E3B0 /* Build configuration list for PBXProject "PluginController" */ = {
			isa = XCConfigurationList;
			buildConfigurations = (
				1AAB61E71CB6D9A70042E3B0 /* Debug */,
				1AAB61E81CB6D9A70042E3B0 /* Release */,
			);
			defaultConfigurationIsVisible = 0;
			defaultConfigurationName = Release;
		};
		1AAB61E91CB6D9A70042E3B0 /* Build configuration list for PBXNativeTarget "PluginController" */ = {
			isa = XCConfigurationList;
			buildConfigurations = (
				1AAB61EA1CB6D9A70042E3B0 /* Debug */,
				1AAB61EB1CB6D9A70042E3B0 /* Release */,
			);
			defaultConfigurationIsVisible = 0;
			defaultConfigurationName = Release;
		};
		1AAB61EC1CB6D9A70042E3B0 /* Build configuration list for PBXNativeTarget "PluginControllerTests" */ = {
			isa = XCConfigurationList;
			buildConfigurations = (
				1AAB61ED1CB6D9A70042E3B0 /* Debug */,
				1AAB61EE1CB6D9A70042E3B0 /* Release */,
			);
			defaultConfigurationIsVisible = 0;
			defaultConfigurationName = Release;
		};
		1AAB620D1CB6DAB90042E3B0 /* Build configuration list for PBXNativeTarget "PluginHelper" */ = {
			isa = XCConfigurationList;
			buildConfigurations = (
				1AAB620E1CB6DAB90042E3B0 /* Debug */,
				1AAB620F1CB6DAB90042E3B0 /* Release */,
			);
			defaultConfigurationIsVisible = 0;
			defaultConfigurationName = Release;
		};
		1AAB62111CB6DAB90042E3B0 /* Build configuration list for PBXNativeTarget "PluginHelperTests" */ = {
			isa = XCConfigurationList;
			buildConfigurations = (
				1AAB62121CB6DAB90042E3B0 /* Debug */,
				1AAB62131CB6DAB90042E3B0 /* Release */,
			);
			defaultConfigurationIsVisible = 0;
			defaultConfigurationName = Release;
		};
		1ACF956C1CB8F79F00CBADCD /* Build configuration list for PBXNativeTarget "SketchSnippets" */ = {
			isa = XCConfigurationList;
			buildConfigurations = (
				1ACF956D1CB8F79F00CBADCD /* Debug */,
				1ACF956E1CB8F79F00CBADCD /* Release */,
			);
			defaultConfigurationIsVisible = 0;
		};
		1ACF956F1CB8F79F00CBADCD /* Build configuration list for PBXNativeTarget "SketchSnippetsTests" */ = {
			isa = XCConfigurationList;
			buildConfigurations = (
				1ACF95701CB8F79F00CBADCD /* Debug */,
				1ACF95711CB8F79F00CBADCD /* Release */,
			);
			defaultConfigurationIsVisible = 0;
		};
		1ACF95A91CB920AA00CBADCD /* Build configuration list for PBXNativeTarget "ArtboardPreview" */ = {
			isa = XCConfigurationList;
			buildConfigurations = (
				1ACF95AA1CB920AA00CBADCD /* Debug */,
				1ACF95AB1CB920AA00CBADCD /* Release */,
			);
			defaultConfigurationIsVisible = 0;
		};
		1ACF95AC1CB920AA00CBADCD /* Build configuration list for PBXNativeTarget "ArtboardPreviewTests" */ = {
			isa = XCConfigurationList;
			buildConfigurations = (
				1ACF95AD1CB920AA00CBADCD /* Debug */,
				1ACF95AE1CB920AA00CBADCD /* Release */,
			);
			defaultConfigurationIsVisible = 0;
		};
/* End XCConfigurationList section */
	};
	rootObject = 1AAB61C51CB6D9A70042E3B0 /* Project object */;
}
