// !$*UTF8*$!
{
	archiveVersion = 1;
	classes = {
	};
	objectVersion = 46;
	objects = {

/* Begin PBXBuildFile section */
		1AAB61D21CB6D9A70042E3B0 /* AppDelegate.m in Sources */ = {isa = PBXBuildFile; fileRef = 1AAB61D11CB6D9A70042E3B0 /* AppDelegate.m */; };
		1AAB61D51CB6D9A70042E3B0 /* main.m in Sources */ = {isa = PBXBuildFile; fileRef = 1AAB61D41CB6D9A70042E3B0 /* main.m */; };
		1AAB61D71CB6D9A70042E3B0 /* Assets.xcassets in Resources */ = {isa = PBXBuildFile; fileRef = 1AAB61D61CB6D9A70042E3B0 /* Assets.xcassets */; };
		1AAB61DA1CB6D9A70042E3B0 /* MainMenu.xib in Resources */ = {isa = PBXBuildFile; fileRef = 1AAB61D81CB6D9A70042E3B0 /* MainMenu.xib */; };
		1AAB61E51CB6D9A70042E3B0 /* PluginControllerTests.m in Sources */ = {isa = PBXBuildFile; fileRef = 1AAB61E41CB6D9A70042E3B0 /* PluginControllerTests.m */; };
/* End PBXBuildFile section */

/* Begin PBXContainerItemProxy section */
		1AAB61E11CB6D9A70042E3B0 /* PBXContainerItemProxy */ = {
			isa = PBXContainerItemProxy;
			containerPortal = 1AAB61C51CB6D9A70042E3B0 /* Project object */;
			proxyType = 1;
			remoteGlobalIDString = 1AAB61CC1CB6D9A70042E3B0;
			remoteInfo = PluginController;
		};
/* End PBXContainerItemProxy section */

/* Begin PBXFileReference section */
		1AAB61CD1CB6D9A70042E3B0 /* PluginController.app */ = {isa = PBXFileReference; explicitFileType = wrapper.application; includeInIndex = 0; path = PluginController.app; sourceTree = BUILT_PRODUCTS_DIR; };
		1AAB61D01CB6D9A70042E3B0 /* AppDelegate.h */ = {isa = PBXFileReference; lastKnownFileType = sourcecode.c.h; path = AppDelegate.h; sourceTree = "<group>"; };
		1AAB61D11CB6D9A70042E3B0 /* AppDelegate.m */ = {isa = PBXFileReference; lastKnownFileType = sourcecode.c.objc; path = AppDelegate.m; sourceTree = "<group>"; };
		1AAB61D41CB6D9A70042E3B0 /* main.m */ = {isa = PBXFileReference; lastKnownFileType = sourcecode.c.objc; path = main.m; sourceTree = "<group>"; };
		1AAB61D61CB6D9A70042E3B0 /* Assets.xcassets */ = {isa = PBXFileReference; lastKnownFileType = folder.assetcatalog; path = Assets.xcassets; sourceTree = "<group>"; };
		1AAB61D91CB6D9A70042E3B0 /* Base */ = {isa = PBXFileReference; lastKnownFileType = file.xib; name = Base; path = Base.lproj/MainMenu.xib; sourceTree = "<group>"; };
		1AAB61DB1CB6D9A70042E3B0 /* Info.plist */ = {isa = PBXFileReference; lastKnownFileType = text.plist.xml; path = Info.plist; sourceTree = "<group>"; };
		1AAB61E01CB6D9A70042E3B0 /* PluginControllerTests.xctest */ = {isa = PBXFileReference; explicitFileType = wrapper.cfbundle; includeInIndex = 0; path = PluginControllerTests.xctest; sourceTree = BUILT_PRODUCTS_DIR; };
		1AAB61E41CB6D9A70042E3B0 /* PluginControllerTests.m */ = {isa = PBXFileReference; lastKnownFileType = sourcecode.c.objc; path = PluginControllerTests.m; sourceTree = "<group>"; };
		1AAB61E61CB6D9A70042E3B0 /* Info.plist */ = {isa = PBXFileReference; lastKnownFileType = text.plist.xml; path = Info.plist; sourceTree = "<group>"; };
/* End PBXFileReference section */

/* Begin PBXFrameworksBuildPhase section */
		1AAB61CA1CB6D9A70042E3B0 /* Frameworks */ = {
			isa = PBXFrameworksBuildPhase;
			buildActionMask = 2147483647;
			files = (
			);
			runOnlyForDeploymentPostprocessing = 0;
		};
		1AAB61DD1CB6D9A70042E3B0 /* Frameworks */ = {
			isa = PBXFrameworksBuildPhase;
			buildActionMask = 2147483647;
			files = (
			);
			runOnlyForDeploymentPostprocessing = 0;
		};
/* End PBXFrameworksBuildPhase section */

/* Begin PBXGroup section */
		1AAB61C41CB6D9A70042E3B0 = {
			isa = PBXGroup;
			children = (
				1AAB61CF1CB6D9A70042E3B0 /* PluginController */,
				1AAB61E31CB6D9A70042E3B0 /* PluginControllerTests */,
				1AAB61CE1CB6D9A70042E3B0 /* Products */,
			);
			sourceTree = "<group>";
		};
		1AAB61CE1CB6D9A70042E3B0 /* Products */ = {
			isa = PBXGroup;
			children = (
				1AAB61CD1CB6D9A70042E3B0 /* PluginController.app */,
				1AAB61E01CB6D9A70042E3B0 /* PluginControllerTests.xctest */,
			);
			name = Products;
			sourceTree = "<group>";
		};
		1AAB61CF1CB6D9A70042E3B0 /* PluginController */ = {
			isa = PBXGroup;
			children = (
				1AAB61D01CB6D9A70042E3B0 /* AppDelegate.h */,
				1AAB61D11CB6D9A70042E3B0 /* AppDelegate.m */,
				1AAB61D61CB6D9A70042E3B0 /* Assets.xcassets */,
				1AAB61D81CB6D9A70042E3B0 /* MainMenu.xib */,
				1AAB61DB1CB6D9A70042E3B0 /* Info.plist */,
				1AAB61D31CB6D9A70042E3B0 /* Supporting Files */,
			);
			path = PluginController;
			sourceTree = "<group>";
		};
		1AAB61D31CB6D9A70042E3B0 /* Supporting Files */ = {
			isa = PBXGroup;
			children = (
				1AAB61D41CB6D9A70042E3B0 /* main.m */,
			);
			name = "Supporting Files";
			sourceTree = "<group>";
		};
		1AAB61E31CB6D9A70042E3B0 /* PluginControllerTests */ = {
			isa = PBXGroup;
			children = (
				1AAB61E41CB6D9A70042E3B0 /* PluginControllerTests.m */,
				1AAB61E61CB6D9A70042E3B0 /* Info.plist */,
			);
			path = PluginControllerTests;
			sourceTree = "<group>";
		};
/* End PBXGroup section */

/* Begin PBXNativeTarget section */
		1AAB61CC1CB6D9A70042E3B0 /* PluginController */ = {
			isa = PBXNativeTarget;
			buildConfigurationList = 1AAB61E91CB6D9A70042E3B0 /* Build configuration list for PBXNativeTarget "PluginController" */;
			buildPhases = (
				1AAB61C91CB6D9A70042E3B0 /* Sources */,
				1AAB61CA1CB6D9A70042E3B0 /* Frameworks */,
				1AAB61CB1CB6D9A70042E3B0 /* Resources */,
			);
			buildRules = (
			);
			dependencies = (
			);
			name = PluginController;
			productName = PluginController;
			productReference = 1AAB61CD1CB6D9A70042E3B0 /* PluginController.app */;
			productType = "com.apple.product-type.application";
		};
		1AAB61DF1CB6D9A70042E3B0 /* PluginControllerTests */ = {
			isa = PBXNativeTarget;
			buildConfigurationList = 1AAB61EC1CB6D9A70042E3B0 /* Build configuration list for PBXNativeTarget "PluginControllerTests" */;
			buildPhases = (
				1AAB61DC1CB6D9A70042E3B0 /* Sources */,
				1AAB61DD1CB6D9A70042E3B0 /* Frameworks */,
				1AAB61DE1CB6D9A70042E3B0 /* Resources */,
			);
			buildRules = (
			);
			dependencies = (
				1AAB61E21CB6D9A70042E3B0 /* PBXTargetDependency */,
			);
			name = PluginControllerTests;
			productName = PluginControllerTests;
			productReference = 1AAB61E01CB6D9A70042E3B0 /* PluginControllerTests.xctest */;
			productType = "com.apple.product-type.bundle.unit-test";
		};
/* End PBXNativeTarget section */

/* Begin PBXProject section */
		1AAB61C51CB6D9A70042E3B0 /* Project object */ = {
			isa = PBXProject;
			attributes = {
				LastUpgradeCheck = 0720;
				ORGANIZATIONNAME = "Magic Mirror";
				TargetAttributes = {
					1AAB61CC1CB6D9A70042E3B0 = {
						CreatedOnToolsVersion = 7.2;
					};
					1AAB61DF1CB6D9A70042E3B0 = {
						CreatedOnToolsVersion = 7.2;
						TestTargetID = 1AAB61CC1CB6D9A70042E3B0;
					};
				};
			};
			buildConfigurationList = 1AAB61C81CB6D9A70042E3B0 /* Build configuration list for PBXProject "PluginController" */;
			compatibilityVersion = "Xcode 3.2";
			developmentRegion = English;
			hasScannedForEncodings = 0;
			knownRegions = (
				en,
				Base,
			);
			mainGroup = 1AAB61C41CB6D9A70042E3B0;
			productRefGroup = 1AAB61CE1CB6D9A70042E3B0 /* Products */;
			projectDirPath = "";
			projectRoot = "";
			targets = (
				1AAB61CC1CB6D9A70042E3B0 /* PluginController */,
				1AAB61DF1CB6D9A70042E3B0 /* PluginControllerTests */,
			);
		};
/* End PBXProject section */

/* Begin PBXResourcesBuildPhase section */
		1AAB61CB1CB6D9A70042E3B0 /* Resources */ = {
			isa = PBXResourcesBuildPhase;
			buildActionMask = 2147483647;
			files = (
				1AAB61D71CB6D9A70042E3B0 /* Assets.xcassets in Resources */,
				1AAB61DA1CB6D9A70042E3B0 /* MainMenu.xib in Resources */,
			);
			runOnlyForDeploymentPostprocessing = 0;
		};
		1AAB61DE1CB6D9A70042E3B0 /* Resources */ = {
			isa = PBXResourcesBuildPhase;
			buildActionMask = 2147483647;
			files = (
			);
			runOnlyForDeploymentPostprocessing = 0;
		};
/* End PBXResourcesBuildPhase section */

/* Begin PBXSourcesBuildPhase section */
		1AAB61C91CB6D9A70042E3B0 /* Sources */ = {
			isa = PBXSourcesBuildPhase;
			buildActionMask = 2147483647;
			files = (
				1AAB61D51CB6D9A70042E3B0 /* main.m in Sources */,
				1AAB61D21CB6D9A70042E3B0 /* AppDelegate.m in Sources */,
			);
			runOnlyForDeploymentPostprocessing = 0;
		};
		1AAB61DC1CB6D9A70042E3B0 /* Sources */ = {
			isa = PBXSourcesBuildPhase;
			buildActionMask = 2147483647;
			files = (
				1AAB61E51CB6D9A70042E3B0 /* PluginControllerTests.m in Sources */,
			);
			runOnlyForDeploymentPostprocessing = 0;
		};
/* End PBXSourcesBuildPhase section */

/* Begin PBXTargetDependency section */
		1AAB61E21CB6D9A70042E3B0 /* PBXTargetDependency */ = {
			isa = PBXTargetDependency;
			target = 1AAB61CC1CB6D9A70042E3B0 /* PluginController */;
			targetProxy = 1AAB61E11CB6D9A70042E3B0 /* PBXContainerItemProxy */;
		};
/* End PBXTargetDependency section */

/* Begin PBXVariantGroup section */
		1AAB61D81CB6D9A70042E3B0 /* MainMenu.xib */ = {
			isa = PBXVariantGroup;
			children = (
				1AAB61D91CB6D9A70042E3B0 /* Base */,
			);
			name = MainMenu.xib;
			sourceTree = "<group>";
		};
/* End PBXVariantGroup section */

/* Begin XCBuildConfiguration section */
		1AAB61E71CB6D9A70042E3B0 /* Debug */ = {
			isa = XCBuildConfiguration;
			buildSettings = {
				ALWAYS_SEARCH_USER_PATHS = NO;
				CLANG_CXX_LANGUAGE_STANDARD = "gnu++0x";
				CLANG_CXX_LIBRARY = "libc++";
				CLANG_ENABLE_MODULES = YES;
				CLANG_ENABLE_OBJC_ARC = YES;
				CLANG_WARN_BOOL_CONVERSION = YES;
				CLANG_WARN_CONSTANT_CONVERSION = YES;
				CLANG_WARN_DIRECT_OBJC_ISA_USAGE = YES_ERROR;
				CLANG_WARN_EMPTY_BODY = YES;
				CLANG_WARN_ENUM_CONVERSION = YES;
				CLANG_WARN_INT_CONVERSION = YES;
				CLANG_WARN_OBJC_ROOT_CLASS = YES_ERROR;
				CLANG_WARN_UNREACHABLE_CODE = YES;
				CLANG_WARN__DUPLICATE_METHOD_MATCH = YES;
				CODE_SIGN_IDENTITY = "-";
				COPY_PHASE_STRIP = NO;
				DEBUG_INFORMATION_FORMAT = dwarf;
				ENABLE_STRICT_OBJC_MSGSEND = YES;
				ENABLE_TESTABILITY = YES;
				GCC_C_LANGUAGE_STANDARD = gnu99;
				GCC_DYNAMIC_NO_PIC = NO;
				GCC_NO_COMMON_BLOCKS = YES;
				GCC_OPTIMIZATION_LEVEL = 0;
				GCC_PREPROCESSOR_DEFINITIONS = (
					"DEBUG=1",
					"$(inherited)",
				);
				GCC_WARN_64_TO_32_BIT_CONVERSION = YES;
				GCC_WARN_ABOUT_RETURN_TYPE = YES_ERROR;
				GCC_WARN_UNDECLARED_SELECTOR = YES;
				GCC_WARN_UNINITIALIZED_AUTOS = YES_AGGRESSIVE;
				GCC_WARN_UNUSED_FUNCTION = YES;
				GCC_WARN_UNUSED_VARIABLE = YES;
				MACOSX_DEPLOYMENT_TARGET = 10.11;
				MTL_ENABLE_DEBUG_INFO = YES;
				ONLY_ACTIVE_ARCH = YES;
				SDKROOT = macosx;
			};
			name = Debug;
		};
		1AAB61E81CB6D9A70042E3B0 /* Release */ = {
			isa = XCBuildConfiguration;
			buildSettings = {
				ALWAYS_SEARCH_USER_PATHS = NO;
				CLANG_CXX_LANGUAGE_STANDARD = "gnu++0x";
				CLANG_CXX_LIBRARY = "libc++";
				CLANG_ENABLE_MODULES = YES;
				CLANG_ENABLE_OBJC_ARC = YES;
				CLANG_WARN_BOOL_CONVERSION = YES;
				CLANG_WARN_CONSTANT_CONVERSION = YES;
				CLANG_WARN_DIRECT_OBJC_ISA_USAGE = YES_ERROR;
				CLANG_WARN_EMPTY_BODY = YES;
				CLANG_WARN_ENUM_CONVERSION = YES;
				CLANG_WARN_INT_CONVERSION = YES;
				CLANG_WARN_OBJC_ROOT_CLASS = YES_ERROR;
				CLANG_WARN_UNREACHABLE_CODE = YES;
				CLANG_WARN__DUPLICATE_METHOD_MATCH = YES;
				CODE_SIGN_IDENTITY = "-";
				COPY_PHASE_STRIP = NO;
				DEBUG_INFORMATION_FORMAT = "dwarf-with-dsym";
				ENABLE_NS_ASSERTIONS = NO;
				ENABLE_STRICT_OBJC_MSGSEND = YES;
				GCC_C_LANGUAGE_STANDARD = gnu99;
				GCC_NO_COMMON_BLOCKS = YES;
				GCC_WARN_64_TO_32_BIT_CONVERSION = YES;
				GCC_WARN_ABOUT_RETURN_TYPE = YES_ERROR;
				GCC_WARN_UNDECLARED_SELECTOR = YES;
				GCC_WARN_UNINITIALIZED_AUTOS = YES_AGGRESSIVE;
				GCC_WARN_UNUSED_FUNCTION = YES;
				GCC_WARN_UNUSED_VARIABLE = YES;
				MACOSX_DEPLOYMENT_TARGET = 10.11;
				MTL_ENABLE_DEBUG_INFO = NO;
				SDKROOT = macosx;
			};
			name = Release;
		};
		1AAB61EA1CB6D9A70042E3B0 /* Debug */ = {
			isa = XCBuildConfiguration;
			buildSettings = {
				ASSETCATALOG_COMPILER_APPICON_NAME = AppIcon;
				COMBINE_HIDPI_IMAGES = YES;
				INFOPLIST_FILE = PluginController/Info.plist;
				LD_RUNPATH_SEARCH_PATHS = "$(inherited) @executable_path/../Frameworks";
				PRODUCT_BUNDLE_IDENTIFIER = design.magicmirror.PluginController;
				PRODUCT_NAME = "$(TARGET_NAME)";
			};
			name = Debug;
		};
		1AAB61EB1CB6D9A70042E3B0 /* Release */ = {
			isa = XCBuildConfiguration;
			buildSettings = {
				ASSETCATALOG_COMPILER_APPICON_NAME = AppIcon;
				COMBINE_HIDPI_IMAGES = YES;
				INFOPLIST_FILE = PluginController/Info.plist;
				LD_RUNPATH_SEARCH_PATHS = "$(inherited) @executable_path/../Frameworks";
				PRODUCT_BUNDLE_IDENTIFIER = design.magicmirror.PluginController;
				PRODUCT_NAME = "$(TARGET_NAME)";
			};
			name = Release;
		};
		1AAB61ED1CB6D9A70042E3B0 /* Debug */ = {
			isa = XCBuildConfiguration;
			buildSettings = {
				BUNDLE_LOADER = "$(TEST_HOST)";
				COMBINE_HIDPI_IMAGES = YES;
				INFOPLIST_FILE = PluginControllerTests/Info.plist;
				LD_RUNPATH_SEARCH_PATHS = "$(inherited) @executable_path/../Frameworks @loader_path/../Frameworks";
				PRODUCT_BUNDLE_IDENTIFIER = design.magicmirror.PluginControllerTests;
				PRODUCT_NAME = "$(TARGET_NAME)";
				TEST_HOST = "$(BUILT_PRODUCTS_DIR)/PluginController.app/Contents/MacOS/PluginController";
			};
			name = Debug;
		};
		1AAB61EE1CB6D9A70042E3B0 /* Release */ = {
			isa = XCBuildConfiguration;
			buildSettings = {
				BUNDLE_LOADER = "$(TEST_HOST)";
				COMBINE_HIDPI_IMAGES = YES;
				INFOPLIST_FILE = PluginControllerTests/Info.plist;
				LD_RUNPATH_SEARCH_PATHS = "$(inherited) @executable_path/../Frameworks @loader_path/../Frameworks";
				PRODUCT_BUNDLE_IDENTIFIER = design.magicmirror.PluginControllerTests;
				PRODUCT_NAME = "$(TARGET_NAME)";
				TEST_HOST = "$(BUILT_PRODUCTS_DIR)/PluginController.app/Contents/MacOS/PluginController";
			};
			name = Release;
		};
/* End XCBuildConfiguration section */

/* Begin XCConfigurationList section */
		1AAB61C81CB6D9A70042E3B0 /* Build configuration list for PBXProject "PluginController" */ = {
			isa = XCConfigurationList;
			buildConfigurations = (
				1AAB61E71CB6D9A70042E3B0 /* Debug */,
				1AAB61E81CB6D9A70042E3B0 /* Release */,
			);
			defaultConfigurationIsVisible = 0;
			defaultConfigurationName = Release;
		};
		1AAB61E91CB6D9A70042E3B0 /* Build configuration list for PBXNativeTarget "PluginController" */ = {
			isa = XCConfigurationList;
			buildConfigurations = (
				1AAB61EA1CB6D9A70042E3B0 /* Debug */,
				1AAB61EB1CB6D9A70042E3B0 /* Release */,
			);
			defaultConfigurationIsVisible = 0;
		};
		1AAB61EC1CB6D9A70042E3B0 /* Build configuration list for PBXNativeTarget "PluginControllerTests" */ = {
			isa = XCConfigurationList;
			buildConfigurations = (
				1AAB61ED1CB6D9A70042E3B0 /* Debug */,
				1AAB61EE1CB6D9A70042E3B0 /* Release */,
			);
			defaultConfigurationIsVisible = 0;
		};
/* End XCConfigurationList section */
	};
	rootObject = 1AAB61C51CB6D9A70042E3B0 /* Project object */;
}
